// !$*UTF8*$!
{
	archiveVersion = 1;
	classes = {
	};
	objectVersion = 50;
	objects = {

/* Begin PBXBuildFile section */
		04652DAD24001D69008ED172 /* AppDelegate.swift in Sources */ = {isa = PBXBuildFile; fileRef = 04652DAC24001D69008ED172 /* AppDelegate.swift */; };
		04652DAF24001D69008ED172 /* SceneDelegate.swift in Sources */ = {isa = PBXBuildFile; fileRef = 04652DAE24001D69008ED172 /* SceneDelegate.swift */; };
		04652DB124001D69008ED172 /* ViewController.swift in Sources */ = {isa = PBXBuildFile; fileRef = 04652DB024001D69008ED172 /* ViewController.swift */; };
		04652DB424001D69008ED172 /* Main.storyboard in Resources */ = {isa = PBXBuildFile; fileRef = 04652DB224001D69008ED172 /* Main.storyboard */; };
		04652DB724001D69008ED172 /* _9_Array.xcdatamodeld in Sources */ = {isa = PBXBuildFile; fileRef = 04652DB524001D69008ED172 /* _9_Array.xcdatamodeld */; };
		04652DB924001D6B008ED172 /* Assets.xcassets in Resources */ = {isa = PBXBuildFile; fileRef = 04652DB824001D6B008ED172 /* Assets.xcassets */; };
		04652DBC24001D6B008ED172 /* LaunchScreen.storyboard in Resources */ = {isa = PBXBuildFile; fileRef = 04652DBA24001D6B008ED172 /* LaunchScreen.storyboard */; };
/* End PBXBuildFile section */

/* Begin PBXFileReference section */
		04652DA924001D69008ED172 /* 09-Array.app */ = {isa = PBXFileReference; explicitFileType = wrapper.application; includeInIndex = 0; path = "09-Array.app"; sourceTree = BUILT_PRODUCTS_DIR; };
		04652DAC24001D69008ED172 /* AppDelegate.swift */ = {isa = PBXFileReference; lastKnownFileType = sourcecode.swift; path = AppDelegate.swift; sourceTree = "<group>"; };
		04652DAE24001D69008ED172 /* SceneDelegate.swift */ = {isa = PBXFileReference; lastKnownFileType = sourcecode.swift; path = SceneDelegate.swift; sourceTree = "<group>"; };
		04652DB024001D69008ED172 /* ViewController.swift */ = {isa = PBXFileReference; lastKnownFileType = sourcecode.swift; path = ViewController.swift; sourceTree = "<group>"; };
		04652DB324001D69008ED172 /* Base */ = {isa = PBXFileReference; lastKnownFileType = file.storyboard; name = Base; path = Base.lproj/Main.storyboard; sourceTree = "<group>"; };
		04652DB624001D69008ED172 /* _9_Array.xcdatamodel */ = {isa = PBXFileReference; lastKnownFileType = wrapper.xcdatamodel; path = _9_Array.xcdatamodel; sourceTree = "<group>"; };
		04652DB824001D6B008ED172 /* Assets.xcassets */ = {isa = PBXFileReference; lastKnownFileType = folder.assetcatalog; path = Assets.xcassets; sourceTree = "<group>"; };
		04652DBB24001D6B008ED172 /* Base */ = {isa = PBXFileReference; lastKnownFileType = file.storyboard; name = Base; path = Base.lproj/LaunchScreen.storyboard; sourceTree = "<group>"; };
		04652DBD24001D6B008ED172 /* Info.plist */ = {isa = PBXFileReference; lastKnownFileType = text.plist.xml; path = Info.plist; sourceTree = "<group>"; };
/* End PBXFileReference section */

/* Begin PBXFrameworksBuildPhase section */
		04652DA624001D69008ED172 /* Frameworks */ = {
			isa = PBXFrameworksBuildPhase;
			buildActionMask = 2147483647;
			files = (
			);
			runOnlyForDeploymentPostprocessing = 0;
		};
/* End PBXFrameworksBuildPhase section */

/* Begin PBXGroup section */
		04652DA024001D68008ED172 = {
			isa = PBXGroup;
			children = (
				04652DAB24001D69008ED172 /* 09-Array */,
				04652DAA24001D69008ED172 /* Products */,
			);
			sourceTree = "<group>";
		};
		04652DAA24001D69008ED172 /* Products */ = {
			isa = PBXGroup;
			children = (
				04652DA924001D69008ED172 /* 09-Array.app */,
			);
			name = Products;
			sourceTree = "<group>";
		};
		04652DAB24001D69008ED172 /* 09-Array */ = {
			isa = PBXGroup;
			children = (
				04652DAC24001D69008ED172 /* AppDelegate.swift */,
				04652DAE24001D69008ED172 /* SceneDelegate.swift */,
				04652DB024001D69008ED172 /* ViewController.swift */,
				04652DB224001D69008ED172 /* Main.storyboard */,
				04652DB824001D6B008ED172 /* Assets.xcassets */,
				04652DBA24001D6B008ED172 /* LaunchScreen.storyboard */,
				04652DBD24001D6B008ED172 /* Info.plist */,
				04652DB524001D69008ED172 /* _9_Array.xcdatamodeld */,
			);
			path = "09-Array";
			sourceTree = "<group>";
		};
/* End PBXGroup section */

/* Begin PBXNativeTarget section */
		04652DA824001D69008ED172 /* 09-Array */ = {
			isa = PBXNativeTarget;
			buildConfigurationList = 04652DC024001D6B008ED172 /* Build configuration list for PBXNativeTarget "09-Array" */;
			buildPhases = (
				04652DA524001D69008ED172 /* Sources */,
				04652DA624001D69008ED172 /* Frameworks */,
				04652DA724001D69008ED172 /* Resources */,
			);
			buildRules = (
			);
			dependencies = (
			);
			name = "09-Array";
			productName = "09-Array";
			productReference = 04652DA924001D69008ED172 /* 09-Array.app */;
			productType = "com.apple.product-type.application";
		};
/* End PBXNativeTarget section */

/* Begin PBXProject section */
		04652DA124001D68008ED172 /* Project object */ = {
			isa = PBXProject;
			attributes = {
				LastSwiftUpdateCheck = 1120;
				LastUpgradeCheck = 1120;
				ORGANIZATIONNAME = cagdaseksi;
				TargetAttributes = {
					04652DA824001D69008ED172 = {
						CreatedOnToolsVersion = 11.2.1;
					};
				};
			};
			buildConfigurationList = 04652DA424001D68008ED172 /* Build configuration list for PBXProject "09-Array" */;
			compatibilityVersion = "Xcode 9.3";
			developmentRegion = en;
			hasScannedForEncodings = 0;
			knownRegions = (
				en,
				Base,
			);
			mainGroup = 04652DA024001D68008ED172;
			productRefGroup = 04652DAA24001D69008ED172 /* Products */;
			projectDirPath = "";
			projectRoot = "";
			targets = (
				04652DA824001D69008ED172 /* 09-Array */,
			);
		};
/* End PBXProject section */

/* Begin PBXResourcesBuildPhase section */
		04652DA724001D69008ED172 /* Resources */ = {
			isa = PBXResourcesBuildPhase;
			buildActionMask = 2147483647;
			files = (
				04652DBC24001D6B008ED172 /* LaunchScreen.storyboard in Resources */,
				04652DB924001D6B008ED172 /* Assets.xcassets in Resources */,
				04652DB424001D69008ED172 /* Main.storyboard in Resources */,
			);
			runOnlyForDeploymentPostprocessing = 0;
		};
/* End PBXResourcesBuildPhase section */

/* Begin PBXSourcesBuildPhase section */
		04652DA524001D69008ED172 /* Sources */ = {
			isa = PBXSourcesBuildPhase;
			buildActionMask = 2147483647;
			files = (
				04652DB124001D69008ED172 /* ViewController.swift in Sources */,
				04652DAD24001D69008ED172 /* AppDelegate.swift in Sources */,
				04652DAF24001D69008ED172 /* SceneDelegate.swift in Sources */,
				04652DB724001D69008ED172 /* _9_Array.xcdatamodeld in Sources */,
			);
			runOnlyForDeploymentPostprocessing = 0;
		};
/* End PBXSourcesBuildPhase section */

/* Begin PBXVariantGroup section */
		04652DB224001D69008ED172 /* Main.storyboard */ = {
			isa = PBXVariantGroup;
			children = (
				04652DB324001D69008ED172 /* Base */,
			);
			name = Main.storyboard;
			sourceTree = "<group>";
		};
		04652DBA24001D6B008ED172 /* LaunchScreen.storyboard */ = {
			isa = PBXVariantGroup;
			children = (
				04652DBB24001D6B008ED172 /* Base */,
			);
			name = LaunchScreen.storyboard;
			sourceTree = "<group>";
		};
/* End PBXVariantGroup section */

/* Begin XCBuildConfiguration section */
		04652DBE24001D6B008ED172 /* Debug */ = {
			isa = XCBuildConfiguration;
			buildSettings = {
				ALWAYS_SEARCH_USER_PATHS = NO;
				CLANG_ANALYZER_NONNULL = YES;
				CLANG_ANALYZER_NUMBER_OBJECT_CONVERSION = YES_AGGRESSIVE;
				CLANG_CXX_LANGUAGE_STANDARD = "gnu++14";
				CLANG_CXX_LIBRARY = "libc++";
				CLANG_ENABLE_MODULES = YES;
				CLANG_ENABLE_OBJC_ARC = YES;
				CLANG_ENABLE_OBJC_WEAK = YES;
				CLANG_WARN_BLOCK_CAPTURE_AUTORELEASING = YES;
				CLANG_WARN_BOOL_CONVERSION = YES;
				CLANG_WARN_COMMA = YES;
				CLANG_WARN_CONSTANT_CONVERSION = YES;
				CLANG_WARN_DEPRECATED_OBJC_IMPLEMENTATIONS = YES;
				CLANG_WARN_DIRECT_OBJC_ISA_USAGE = YES_ERROR;
				CLANG_WARN_DOCUMENTATION_COMMENTS = YES;
				CLANG_WARN_EMPTY_BODY = YES;
				CLANG_WARN_ENUM_CONVERSION = YES;
				CLANG_WARN_INFINITE_RECURSION = YES;
				CLANG_WARN_INT_CONVERSION = YES;
				CLANG_WARN_NON_LITERAL_NULL_CONVERSION = YES;
				CLANG_WARN_OBJC_IMPLICIT_RETAIN_SELF = YES;
				CLANG_WARN_OBJC_LITERAL_CONVERSION = YES;
				CLANG_WARN_OBJC_ROOT_CLASS = YES_ERROR;
				CLANG_WARN_RANGE_LOOP_ANALYSIS = YES;
				CLANG_WARN_STRICT_PROTOTYPES = YES;
				CLANG_WARN_SUSPICIOUS_MOVE = YES;
				CLANG_WARN_UNGUARDED_AVAILABILITY = YES_AGGRESSIVE;
				CLANG_WARN_UNREACHABLE_CODE = YES;
				CLANG_WARN__DUPLICATE_METHOD_MATCH = YES;
				COPY_PHASE_STRIP = NO;
				DEBUG_INFORMATION_FORMAT = dwarf;
				ENABLE_STRICT_OBJC_MSGSEND = YES;
				ENABLE_TESTABILITY = YES;
				GCC_C_LANGUAGE_STANDARD = gnu11;
				GCC_DYNAMIC_NO_PIC = NO;
				GCC_NO_COMMON_BLOCKS = YES;
				GCC_OPTIMIZATION_LEVEL = 0;
				GCC_PREPROCESSOR_DEFINITIONS = (
					"DEBUG=1",
					"$(inherited)",
				);
				GCC_WARN_64_TO_32_BIT_CONVERSION = YES;
				GCC_WARN_ABOUT_RETURN_TYPE = YES_ERROR;
				GCC_WARN_UNDECLARED_SELECTOR = YES;
				GCC_WARN_UNINITIALIZED_AUTOS = YES_AGGRESSIVE;
				GCC_WARN_UNUSED_FUNCTION = YES;
				GCC_WARN_UNUSED_VARIABLE = YES;
				IPHONEOS_DEPLOYMENT_TARGET = 13.2;
				MTL_ENABLE_DEBUG_INFO = INCLUDE_SOURCE;
				MTL_FAST_MATH = YES;
				ONLY_ACTIVE_ARCH = YES;
				SDKROOT = iphoneos;
				SWIFT_ACTIVE_COMPILATION_CONDITIONS = DEBUG;
				SWIFT_OPTIMIZATION_LEVEL = "-Onone";
			};
			name = Debug;
		};
		04652DBF24001D6B008ED172 /* Release */ = {
			isa = XCBuildConfiguration;
			buildSettings = {
				ALWAYS_SEARCH_USER_PATHS = NO;
				CLANG_ANALYZER_NONNULL = YES;
				CLANG_ANALYZER_NUMBER_OBJECT_CONVERSION = YES_AGGRESSIVE;
				CLANG_CXX_LANGUAGE_STANDARD = "gnu++14";
				CLANG_CXX_LIBRARY = "libc++";
				CLANG_ENABLE_MODULES = YES;
				CLANG_ENABLE_OBJC_ARC = YES;
				CLANG_ENABLE_OBJC_WEAK = YES;
				CLANG_WARN_BLOCK_CAPTURE_AUTORELEASING = YES;
				CLANG_WARN_BOOL_CONVERSION = YES;
				CLANG_WARN_COMMA = YES;
				CLANG_WARN_CONSTANT_CONVERSION = YES;
				CLANG_WARN_DEPRECATED_OBJC_IMPLEMENTATIONS = YES;
				CLANG_WARN_DIRECT_OBJC_ISA_USAGE = YES_ERROR;
				CLANG_WARN_DOCUMENTATION_COMMENTS = YES;
				CLANG_WARN_EMPTY_BODY = YES;
				CLANG_WARN_ENUM_CONVERSION = YES;
				CLANG_WARN_INFINITE_RECURSION = YES;
				CLANG_WARN_INT_CONVERSION = YES;
				CLANG_WARN_NON_LITERAL_NULL_CONVERSION = YES;
				CLANG_WARN_OBJC_IMPLICIT_RETAIN_SELF = YES;
				CLANG_WARN_OBJC_LITERAL_CONVERSION = YES;
				CLANG_WARN_OBJC_ROOT_CLASS = YES_ERROR;
				CLANG_WARN_RANGE_LOOP_ANALYSIS = YES;
				CLANG_WARN_STRICT_PROTOTYPES = YES;
				CLANG_WARN_SUSPICIOUS_MOVE = YES;
				CLANG_WARN_UNGUARDED_AVAILABILITY = YES_AGGRESSIVE;
				CLANG_WARN_UNREACHABLE_CODE = YES;
				CLANG_WARN__DUPLICATE_METHOD_MATCH = YES;
				COPY_PHASE_STRIP = NO;
				DEBUG_INFORMATION_FORMAT = "dwarf-with-dsym";
				ENABLE_NS_ASSERTIONS = NO;
				ENABLE_STRICT_OBJC_MSGSEND = YES;
				GCC_C_LANGUAGE_STANDARD = gnu11;
				GCC_NO_COMMON_BLOCKS = YES;
				GCC_WARN_64_TO_32_BIT_CONVERSION = YES;
				GCC_WARN_ABOUT_RETURN_TYPE = YES_ERROR;
				GCC_WARN_UNDECLARED_SELECTOR = YES;
				GCC_WARN_UNINITIALIZED_AUTOS = YES_AGGRESSIVE;
				GCC_WARN_UNUSED_FUNCTION = YES;
				GCC_WARN_UNUSED_VARIABLE = YES;
				IPHONEOS_DEPLOYMENT_TARGET = 13.2;
				MTL_ENABLE_DEBUG_INFO = NO;
				MTL_FAST_MATH = YES;
				SDKROOT = iphoneos;
				SWIFT_COMPILATION_MODE = wholemodule;
				SWIFT_OPTIMIZATION_LEVEL = "-O";
				VALIDATE_PRODUCT = YES;
			};
			name = Release;
		};
		04652DC124001D6B008ED172 /* Debug */ = {
			isa = XCBuildConfiguration;
			buildSettings = {
				ASSETCATALOG_COMPILER_APPICON_NAME = AppIcon;
				CODE_SIGN_STYLE = Automatic;
				DEVELOPMENT_TEAM = A6KE5XTLM6;
				INFOPLIST_FILE = "09-Array/Info.plist";
				LD_RUNPATH_SEARCH_PATHS = (
					"$(inherited)",
					"@executable_path/Frameworks",
				);
				PRODUCT_BUNDLE_IDENTIFIER = "com.ceksi.-9-Array";
				PRODUCT_NAME = "$(TARGET_NAME)";
				SWIFT_VERSION = 5.0;
				TARGETED_DEVICE_FAMILY = "1,2";
			};
			name = Debug;
		};
		04652DC224001D6B008ED172 /* Release */ = {
			isa = XCBuildConfiguration;
			buildSettings = {
				ASSETCATALOG_COMPILER_APPICON_NAME = AppIcon;
				CODE_SIGN_STYLE = Automatic;
				DEVELOPMENT_TEAM = A6KE5XTLM6;
				INFOPLIST_FILE = "09-Array/Info.plist";
				LD_RUNPATH_SEARCH_PATHS = (
					"$(inherited)",
					"@executable_path/Frameworks",
				);
				PRODUCT_BUNDLE_IDENTIFIER = "com.ceksi.-9-Array";
				PRODUCT_NAME = "$(TARGET_NAME)";
				SWIFT_VERSION = 5.0;
				TARGETED_DEVICE_FAMILY = "1,2";
			};
			name = Release;
		};
/* End XCBuildConfiguration section */

/* Begin XCConfigurationList section */
		04652DA424001D68008ED172 /* Build configuration list for PBXProject "09-Array" */ = {
			isa = XCConfigurationList;
			buildConfigurations = (
				04652DBE24001D6B008ED172 /* Debug */,
				04652DBF24001D6B008ED172 /* Release */,
			);
			defaultConfigurationIsVisible = 0;
			defaultConfigurationName = Release;
		};
		04652DC024001D6B008ED172 /* Build configuration list for PBXNativeTarget "09-Array" */ = {
			isa = XCConfigurationList;
			buildConfigurations = (
				04652DC124001D6B008ED172 /* Debug */,
				04652DC224001D6B008ED172 /* Release */,
			);
			defaultConfigurationIsVisible = 0;
			defaultConfigurationName = Release;
		};
/* End XCConfigurationList section */

/* Begin XCVersionGroup section */
		04652DB524001D69008ED172 /* _9_Array.xcdatamodeld */ = {
			isa = XCVersionGroup;
			children = (
				04652DB624001D69008ED172 /* _9_Array.xcdatamodel */,
			);
			currentVersion = 04652DB624001D69008ED172 /* _9_Array.xcdatamodel */;
			path = _9_Array.xcdatamodeld;
			sourceTree = "<group>";
			versionGroupType = wrapper.xcdatamodel;
		};
/* End XCVersionGroup section */
	};
	rootObject = 04652DA124001D68008ED172 /* Project object */;
}
