// !$*UTF8*$!
{
	archiveVersion = 1;
	classes = {
	};
	objectVersion = 50;
	objects = {

/* Begin PBXBuildFile section */
		04A7CAC2244D8C5600F9F534 /* AppDelegate.swift in Sources */ = {isa = PBXBuildFile; fileRef = 04A7CAC1244D8C5600F9F534 /* AppDelegate.swift */; };
		04A7CAC4244D8C5600F9F534 /* SceneDelegate.swift in Sources */ = {isa = PBXBuildFile; fileRef = 04A7CAC3244D8C5600F9F534 /* SceneDelegate.swift */; };
		04A7CAC6244D8C5600F9F534 /* ViewController.swift in Sources */ = {isa = PBXBuildFile; fileRef = 04A7CAC5244D8C5600F9F534 /* ViewController.swift */; };
		04A7CAC9244D8C5600F9F534 /* Main.storyboard in Resources */ = {isa = PBXBuildFile; fileRef = 04A7CAC7244D8C5600F9F534 /* Main.storyboard */; };
		04A7CACB244D8C5A00F9F534 /* Assets.xcassets in Resources */ = {isa = PBXBuildFile; fileRef = 04A7CACA244D8C5A00F9F534 /* Assets.xcassets */; };
		04A7CACE244D8C5A00F9F534 /* LaunchScreen.storyboard in Resources */ = {isa = PBXBuildFile; fileRef = 04A7CACC244D8C5A00F9F534 /* LaunchScreen.storyboard */; };
		04A7CAD6244D8C8F00F9F534 /* contact.jpg in Resources */ = {isa = PBXBuildFile; fileRef = 04A7CAD5244D8C8F00F9F534 /* contact.jpg */; };
/* End PBXBuildFile section */

/* Begin PBXFileReference section */
		04A7CABE244D8C5600F9F534 /* 38-ContactApp.app */ = {isa = PBXFileReference; explicitFileType = wrapper.application; includeInIndex = 0; path = "38-ContactApp.app"; sourceTree = BUILT_PRODUCTS_DIR; };
		04A7CAC1244D8C5600F9F534 /* AppDelegate.swift */ = {isa = PBXFileReference; lastKnownFileType = sourcecode.swift; path = AppDelegate.swift; sourceTree = "<group>"; };
		04A7CAC3244D8C5600F9F534 /* SceneDelegate.swift */ = {isa = PBXFileReference; lastKnownFileType = sourcecode.swift; path = SceneDelegate.swift; sourceTree = "<group>"; };
		04A7CAC5244D8C5600F9F534 /* ViewController.swift */ = {isa = PBXFileReference; lastKnownFileType = sourcecode.swift; path = ViewController.swift; sourceTree = "<group>"; };
		04A7CAC8244D8C5600F9F534 /* Base */ = {isa = PBXFileReference; lastKnownFileType = file.storyboard; name = Base; path = Base.lproj/Main.storyboard; sourceTree = "<group>"; };
		04A7CACA244D8C5A00F9F534 /* Assets.xcassets */ = {isa = PBXFileReference; lastKnownFileType = folder.assetcatalog; path = Assets.xcassets; sourceTree = "<group>"; };
		04A7CACD244D8C5A00F9F534 /* Base */ = {isa = PBXFileReference; lastKnownFileType = file.storyboard; name = Base; path = Base.lproj/LaunchScreen.storyboard; sourceTree = "<group>"; };
		04A7CACF244D8C5A00F9F534 /* Info.plist */ = {isa = PBXFileReference; lastKnownFileType = text.plist.xml; path = Info.plist; sourceTree = "<group>"; };
		04A7CAD5244D8C8F00F9F534 /* contact.jpg */ = {isa = PBXFileReference; lastKnownFileType = image.jpeg; path = contact.jpg; sourceTree = "<group>"; };
/* End PBXFileReference section */

/* Begin PBXFrameworksBuildPhase section */
		04A7CABB244D8C5600F9F534 /* Frameworks */ = {
			isa = PBXFrameworksBuildPhase;
			buildActionMask = 2147483647;
			files = (
			);
			runOnlyForDeploymentPostprocessing = 0;
		};
/* End PBXFrameworksBuildPhase section */

/* Begin PBXGroup section */
		04A7CAB5244D8C5600F9F534 = {
			isa = PBXGroup;
			children = (
				04A7CAC0244D8C5600F9F534 /* 38-ContactApp */,
				04A7CABF244D8C5600F9F534 /* Products */,
			);
			sourceTree = "<group>";
		};
		04A7CABF244D8C5600F9F534 /* Products */ = {
			isa = PBXGroup;
			children = (
				04A7CABE244D8C5600F9F534 /* 38-ContactApp.app */,
			);
			name = Products;
			sourceTree = "<group>";
		};
		04A7CAC0244D8C5600F9F534 /* 38-ContactApp */ = {
			isa = PBXGroup;
			children = (
				04A7CAC1244D8C5600F9F534 /* AppDelegate.swift */,
				04A7CAC3244D8C5600F9F534 /* SceneDelegate.swift */,
				04A7CAC5244D8C5600F9F534 /* ViewController.swift */,
				04A7CAC7244D8C5600F9F534 /* Main.storyboard */,
				04A7CACA244D8C5A00F9F534 /* Assets.xcassets */,
				04A7CACC244D8C5A00F9F534 /* LaunchScreen.storyboard */,
				04A7CACF244D8C5A00F9F534 /* Info.plist */,
				04A7CAD5244D8C8F00F9F534 /* contact.jpg */,
			);
			path = "38-ContactApp";
			sourceTree = "<group>";
		};
/* End PBXGroup section */

/* Begin PBXNativeTarget section */
		04A7CABD244D8C5600F9F534 /* 38-ContactApp */ = {
			isa = PBXNativeTarget;
			buildConfigurationList = 04A7CAD2244D8C5A00F9F534 /* Build configuration list for PBXNativeTarget "38-ContactApp" */;
			buildPhases = (
				04A7CABA244D8C5600F9F534 /* Sources */,
				04A7CABB244D8C5600F9F534 /* Frameworks */,
				04A7CABC244D8C5600F9F534 /* Resources */,
			);
			buildRules = (
			);
			dependencies = (
			);
			name = "38-ContactApp";
			productName = "38-ContactApp";
			productReference = 04A7CABE244D8C5600F9F534 /* 38-ContactApp.app */;
			productType = "com.apple.product-type.application";
		};
/* End PBXNativeTarget section */

/* Begin PBXProject section */
		04A7CAB6244D8C5600F9F534 /* Project object */ = {
			isa = PBXProject;
			attributes = {
				LastSwiftUpdateCheck = 1120;
				LastUpgradeCheck = 1120;
				ORGANIZATIONNAME = cagdaseksi;
				TargetAttributes = {
					04A7CABD244D8C5600F9F534 = {
						CreatedOnToolsVersion = 11.2.1;
					};
				};
			};
			buildConfigurationList = 04A7CAB9244D8C5600F9F534 /* Build configuration list for PBXProject "38-ContactApp" */;
			compatibilityVersion = "Xcode 9.3";
			developmentRegion = en;
			hasScannedForEncodings = 0;
			knownRegions = (
				en,
				Base,
			);
			mainGroup = 04A7CAB5244D8C5600F9F534;
			productRefGroup = 04A7CABF244D8C5600F9F534 /* Products */;
			projectDirPath = "";
			projectRoot = "";
			targets = (
				04A7CABD244D8C5600F9F534 /* 38-ContactApp */,
			);
		};
/* End PBXProject section */

/* Begin PBXResourcesBuildPhase section */
		04A7CABC244D8C5600F9F534 /* Resources */ = {
			isa = PBXResourcesBuildPhase;
			buildActionMask = 2147483647;
			files = (
				04A7CACE244D8C5A00F9F534 /* LaunchScreen.storyboard in Resources */,
				04A7CACB244D8C5A00F9F534 /* Assets.xcassets in Resources */,
				04A7CAD6244D8C8F00F9F534 /* contact.jpg in Resources */,
				04A7CAC9244D8C5600F9F534 /* Main.storyboard in Resources */,
			);
			runOnlyForDeploymentPostprocessing = 0;
		};
/* End PBXResourcesBuildPhase section */

/* Begin PBXSourcesBuildPhase section */
		04A7CABA244D8C5600F9F534 /* Sources */ = {
			isa = PBXSourcesBuildPhase;
			buildActionMask = 2147483647;
			files = (
				04A7CAC6244D8C5600F9F534 /* ViewController.swift in Sources */,
				04A7CAC2244D8C5600F9F534 /* AppDelegate.swift in Sources */,
				04A7CAC4244D8C5600F9F534 /* SceneDelegate.swift in Sources */,
			);
			runOnlyForDeploymentPostprocessing = 0;
		};
/* End PBXSourcesBuildPhase section */

/* Begin PBXVariantGroup section */
		04A7CAC7244D8C5600F9F534 /* Main.storyboard */ = {
			isa = PBXVariantGroup;
			children = (
				04A7CAC8244D8C5600F9F534 /* Base */,
			);
			name = Main.storyboard;
			sourceTree = "<group>";
		};
		04A7CACC244D8C5A00F9F534 /* LaunchScreen.storyboard */ = {
			isa = PBXVariantGroup;
			children = (
				04A7CACD244D8C5A00F9F534 /* Base */,
			);
			name = LaunchScreen.storyboard;
			sourceTree = "<group>";
		};
/* End PBXVariantGroup section */

/* Begin XCBuildConfiguration section */
		04A7CAD0244D8C5A00F9F534 /* Debug */ = {
			isa = XCBuildConfiguration;
			buildSettings = {
				ALWAYS_SEARCH_USER_PATHS = NO;
				CLANG_ANALYZER_NONNULL = YES;
				CLANG_ANALYZER_NUMBER_OBJECT_CONVERSION = YES_AGGRESSIVE;
				CLANG_CXX_LANGUAGE_STANDARD = "gnu++14";
				CLANG_CXX_LIBRARY = "libc++";
				CLANG_ENABLE_MODULES = YES;
				CLANG_ENABLE_OBJC_ARC = YES;
				CLANG_ENABLE_OBJC_WEAK = YES;
				CLANG_WARN_BLOCK_CAPTURE_AUTORELEASING = YES;
				CLANG_WARN_BOOL_CONVERSION = YES;
				CLANG_WARN_COMMA = YES;
				CLANG_WARN_CONSTANT_CONVERSION = YES;
				CLANG_WARN_DEPRECATED_OBJC_IMPLEMENTATIONS = YES;
				CLANG_WARN_DIRECT_OBJC_ISA_USAGE = YES_ERROR;
				CLANG_WARN_DOCUMENTATION_COMMENTS = YES;
				CLANG_WARN_EMPTY_BODY = YES;
				CLANG_WARN_ENUM_CONVERSION = YES;
				CLANG_WARN_INFINITE_RECURSION = YES;
				CLANG_WARN_INT_CONVERSION = YES;
				CLANG_WARN_NON_LITERAL_NULL_CONVERSION = YES;
				CLANG_WARN_OBJC_IMPLICIT_RETAIN_SELF = YES;
				CLANG_WARN_OBJC_LITERAL_CONVERSION = YES;
				CLANG_WARN_OBJC_ROOT_CLASS = YES_ERROR;
				CLANG_WARN_RANGE_LOOP_ANALYSIS = YES;
				CLANG_WARN_STRICT_PROTOTYPES = YES;
				CLANG_WARN_SUSPICIOUS_MOVE = YES;
				CLANG_WARN_UNGUARDED_AVAILABILITY = YES_AGGRESSIVE;
				CLANG_WARN_UNREACHABLE_CODE = YES;
				CLANG_WARN__DUPLICATE_METHOD_MATCH = YES;
				COPY_PHASE_STRIP = NO;
				DEBUG_INFORMATION_FORMAT = dwarf;
				ENABLE_STRICT_OBJC_MSGSEND = YES;
				ENABLE_TESTABILITY = YES;
				GCC_C_LANGUAGE_STANDARD = gnu11;
				GCC_DYNAMIC_NO_PIC = NO;
				GCC_NO_COMMON_BLOCKS = YES;
				GCC_OPTIMIZATION_LEVEL = 0;
				GCC_PREPROCESSOR_DEFINITIONS = (
					"DEBUG=1",
					"$(inherited)",
				);
				GCC_WARN_64_TO_32_BIT_CONVERSION = YES;
				GCC_WARN_ABOUT_RETURN_TYPE = YES_ERROR;
				GCC_WARN_UNDECLARED_SELECTOR = YES;
				GCC_WARN_UNINITIALIZED_AUTOS = YES_AGGRESSIVE;
				GCC_WARN_UNUSED_FUNCTION = YES;
				GCC_WARN_UNUSED_VARIABLE = YES;
				IPHONEOS_DEPLOYMENT_TARGET = 13.2;
				MTL_ENABLE_DEBUG_INFO = INCLUDE_SOURCE;
				MTL_FAST_MATH = YES;
				ONLY_ACTIVE_ARCH = YES;
				SDKROOT = iphoneos;
				SWIFT_ACTIVE_COMPILATION_CONDITIONS = DEBUG;
				SWIFT_OPTIMIZATION_LEVEL = "-Onone";
			};
			name = Debug;
		};
		04A7CAD1244D8C5A00F9F534 /* Release */ = {
			isa = XCBuildConfiguration;
			buildSettings = {
				ALWAYS_SEARCH_USER_PATHS = NO;
				CLANG_ANALYZER_NONNULL = YES;
				CLANG_ANALYZER_NUMBER_OBJECT_CONVERSION = YES_AGGRESSIVE;
				CLANG_CXX_LANGUAGE_STANDARD = "gnu++14";
				CLANG_CXX_LIBRARY = "libc++";
				CLANG_ENABLE_MODULES = YES;
				CLANG_ENABLE_OBJC_ARC = YES;
				CLANG_ENABLE_OBJC_WEAK = YES;
				CLANG_WARN_BLOCK_CAPTURE_AUTORELEASING = YES;
				CLANG_WARN_BOOL_CONVERSION = YES;
				CLANG_WARN_COMMA = YES;
				CLANG_WARN_CONSTANT_CONVERSION = YES;
				CLANG_WARN_DEPRECATED_OBJC_IMPLEMENTATIONS = YES;
				CLANG_WARN_DIRECT_OBJC_ISA_USAGE = YES_ERROR;
				CLANG_WARN_DOCUMENTATION_COMMENTS = YES;
				CLANG_WARN_EMPTY_BODY = YES;
				CLANG_WARN_ENUM_CONVERSION = YES;
				CLANG_WARN_INFINITE_RECURSION = YES;
				CLANG_WARN_INT_CONVERSION = YES;
				CLANG_WARN_NON_LITERAL_NULL_CONVERSION = YES;
				CLANG_WARN_OBJC_IMPLICIT_RETAIN_SELF = YES;
				CLANG_WARN_OBJC_LITERAL_CONVERSION = YES;
				CLANG_WARN_OBJC_ROOT_CLASS = YES_ERROR;
				CLANG_WARN_RANGE_LOOP_ANALYSIS = YES;
				CLANG_WARN_STRICT_PROTOTYPES = YES;
				CLANG_WARN_SUSPICIOUS_MOVE = YES;
				CLANG_WARN_UNGUARDED_AVAILABILITY = YES_AGGRESSIVE;
				CLANG_WARN_UNREACHABLE_CODE = YES;
				CLANG_WARN__DUPLICATE_METHOD_MATCH = YES;
				COPY_PHASE_STRIP = NO;
				DEBUG_INFORMATION_FORMAT = "dwarf-with-dsym";
				ENABLE_NS_ASSERTIONS = NO;
				ENABLE_STRICT_OBJC_MSGSEND = YES;
				GCC_C_LANGUAGE_STANDARD = gnu11;
				GCC_NO_COMMON_BLOCKS = YES;
				GCC_WARN_64_TO_32_BIT_CONVERSION = YES;
				GCC_WARN_ABOUT_RETURN_TYPE = YES_ERROR;
				GCC_WARN_UNDECLARED_SELECTOR = YES;
				GCC_WARN_UNINITIALIZED_AUTOS = YES_AGGRESSIVE;
				GCC_WARN_UNUSED_FUNCTION = YES;
				GCC_WARN_UNUSED_VARIABLE = YES;
				IPHONEOS_DEPLOYMENT_TARGET = 13.2;
				MTL_ENABLE_DEBUG_INFO = NO;
				MTL_FAST_MATH = YES;
				SDKROOT = iphoneos;
				SWIFT_COMPILATION_MODE = wholemodule;
				SWIFT_OPTIMIZATION_LEVEL = "-O";
				VALIDATE_PRODUCT = YES;
			};
			name = Release;
		};
		04A7CAD3244D8C5A00F9F534 /* Debug */ = {
			isa = XCBuildConfiguration;
			buildSettings = {
				ASSETCATALOG_COMPILER_APPICON_NAME = AppIcon;
				CODE_SIGN_STYLE = Automatic;
				DEVELOPMENT_TEAM = A6KE5XTLM6;
				INFOPLIST_FILE = "38-ContactApp/Info.plist";
				LD_RUNPATH_SEARCH_PATHS = (
					"$(inherited)",
					"@executable_path/Frameworks",
				);
				PRODUCT_BUNDLE_IDENTIFIER = "com.ceksi.-8-ContactApp";
				PRODUCT_NAME = "$(TARGET_NAME)";
				SWIFT_VERSION = 5.0;
				TARGETED_DEVICE_FAMILY = "1,2";
			};
			name = Debug;
		};
		04A7CAD4244D8C5A00F9F534 /* Release */ = {
			isa = XCBuildConfiguration;
			buildSettings = {
				ASSETCATALOG_COMPILER_APPICON_NAME = AppIcon;
				CODE_SIGN_STYLE = Automatic;
				DEVELOPMENT_TEAM = A6KE5XTLM6;
				INFOPLIST_FILE = "38-ContactApp/Info.plist";
				LD_RUNPATH_SEARCH_PATHS = (
					"$(inherited)",
					"@executable_path/Frameworks",
				);
				PRODUCT_BUNDLE_IDENTIFIER = "com.ceksi.-8-ContactApp";
				PRODUCT_NAME = "$(TARGET_NAME)";
				SWIFT_VERSION = 5.0;
				TARGETED_DEVICE_FAMILY = "1,2";
			};
			name = Release;
		};
/* End XCBuildConfiguration section */

/* Begin XCConfigurationList section */
		04A7CAB9244D8C5600F9F534 /* Build configuration list for PBXProject "38-ContactApp" */ = {
			isa = XCConfigurationList;
			buildConfigurations = (
				04A7CAD0244D8C5A00F9F534 /* Debug */,
				04A7CAD1244D8C5A00F9F534 /* Release */,
			);
			defaultConfigurationIsVisible = 0;
			defaultConfigurationName = Release;
		};
		04A7CAD2244D8C5A00F9F534 /* Build configuration list for PBXNativeTarget "38-ContactApp" */ = {
			isa = XCConfigurationList;
			buildConfigurations = (
				04A7CAD3244D8C5A00F9F534 /* Debug */,
				04A7CAD4244D8C5A00F9F534 /* Release */,
			);
			defaultConfigurationIsVisible = 0;
			defaultConfigurationName = Release;
		};
/* End XCConfigurationList section */
	};
	rootObject = 04A7CAB6244D8C5600F9F534 /* Project object */;
}
