// !$*UTF8*$!
{
	archiveVersion = 1;
	classes = {
	};
	objectVersion = 50;
	objects = {

/* Begin PBXBuildFile section */
		04B28996245D23AC00113D5F /* AppDelegate.swift in Sources */ = {isa = PBXBuildFile; fileRef = 04B28995245D23AC00113D5F /* AppDelegate.swift */; };
		04B28998245D23AC00113D5F /* SceneDelegate.swift in Sources */ = {isa = PBXBuildFile; fileRef = 04B28997245D23AC00113D5F /* SceneDelegate.swift */; };
		04B2899A245D23AC00113D5F /* ViewController.swift in Sources */ = {isa = PBXBuildFile; fileRef = 04B28999245D23AC00113D5F /* ViewController.swift */; };
		04B2899D245D23AC00113D5F /* Main.storyboard in Resources */ = {isa = PBXBuildFile; fileRef = 04B2899B245D23AC00113D5F /* Main.storyboard */; };
		04B2899F245D23B000113D5F /* Assets.xcassets in Resources */ = {isa = PBXBuildFile; fileRef = 04B2899E245D23B000113D5F /* Assets.xcassets */; };
		04B289A2245D23B000113D5F /* LaunchScreen.storyboard in Resources */ = {isa = PBXBuildFile; fileRef = 04B289A0245D23B000113D5F /* LaunchScreen.storyboard */; };
		04B289AA245D24D300113D5F /* NoteViewController.swift in Sources */ = {isa = PBXBuildFile; fileRef = 04B289A9245D24D300113D5F /* NoteViewController.swift */; };
		04B289AC245D24E000113D5F /* NewViewController.swift in Sources */ = {isa = PBXBuildFile; fileRef = 04B289AB245D24E000113D5F /* NewViewController.swift */; };
/* End PBXBuildFile section */

/* Begin PBXFileReference section */
		04B28992245D23AC00113D5F /* 47-NotesApp.app */ = {isa = PBXFileReference; explicitFileType = wrapper.application; includeInIndex = 0; path = "47-NotesApp.app"; sourceTree = BUILT_PRODUCTS_DIR; };
		04B28995245D23AC00113D5F /* AppDelegate.swift */ = {isa = PBXFileReference; lastKnownFileType = sourcecode.swift; path = AppDelegate.swift; sourceTree = "<group>"; };
		04B28997245D23AC00113D5F /* SceneDelegate.swift */ = {isa = PBXFileReference; lastKnownFileType = sourcecode.swift; path = SceneDelegate.swift; sourceTree = "<group>"; };
		04B28999245D23AC00113D5F /* ViewController.swift */ = {isa = PBXFileReference; lastKnownFileType = sourcecode.swift; path = ViewController.swift; sourceTree = "<group>"; };
		04B2899C245D23AC00113D5F /* Base */ = {isa = PBXFileReference; lastKnownFileType = file.storyboard; name = Base; path = Base.lproj/Main.storyboard; sourceTree = "<group>"; };
		04B2899E245D23B000113D5F /* Assets.xcassets */ = {isa = PBXFileReference; lastKnownFileType = folder.assetcatalog; path = Assets.xcassets; sourceTree = "<group>"; };
		04B289A1245D23B000113D5F /* Base */ = {isa = PBXFileReference; lastKnownFileType = file.storyboard; name = Base; path = Base.lproj/LaunchScreen.storyboard; sourceTree = "<group>"; };
		04B289A3245D23B000113D5F /* Info.plist */ = {isa = PBXFileReference; lastKnownFileType = text.plist.xml; path = Info.plist; sourceTree = "<group>"; };
		04B289A9245D24D300113D5F /* NoteViewController.swift */ = {isa = PBXFileReference; lastKnownFileType = sourcecode.swift; path = NoteViewController.swift; sourceTree = "<group>"; };
		04B289AB245D24E000113D5F /* NewViewController.swift */ = {isa = PBXFileReference; lastKnownFileType = sourcecode.swift; path = NewViewController.swift; sourceTree = "<group>"; };
/* End PBXFileReference section */

/* Begin PBXFrameworksBuildPhase section */
		04B2898F245D23AC00113D5F /* Frameworks */ = {
			isa = PBXFrameworksBuildPhase;
			buildActionMask = 2147483647;
			files = (
			);
			runOnlyForDeploymentPostprocessing = 0;
		};
/* End PBXFrameworksBuildPhase section */

/* Begin PBXGroup section */
		04B28989245D23AC00113D5F = {
			isa = PBXGroup;
			children = (
				04B28994245D23AC00113D5F /* 47-NotesApp */,
				04B28993245D23AC00113D5F /* Products */,
			);
			sourceTree = "<group>";
		};
		04B28993245D23AC00113D5F /* Products */ = {
			isa = PBXGroup;
			children = (
				04B28992245D23AC00113D5F /* 47-NotesApp.app */,
			);
			name = Products;
			sourceTree = "<group>";
		};
		04B28994245D23AC00113D5F /* 47-NotesApp */ = {
			isa = PBXGroup;
			children = (
				04B28995245D23AC00113D5F /* AppDelegate.swift */,
				04B28997245D23AC00113D5F /* SceneDelegate.swift */,
				04B28999245D23AC00113D5F /* ViewController.swift */,
				04B2899B245D23AC00113D5F /* Main.storyboard */,
				04B2899E245D23B000113D5F /* Assets.xcassets */,
				04B289A0245D23B000113D5F /* LaunchScreen.storyboard */,
				04B289A3245D23B000113D5F /* Info.plist */,
				04B289A9245D24D300113D5F /* NoteViewController.swift */,
				04B289AB245D24E000113D5F /* NewViewController.swift */,
			);
			path = "47-NotesApp";
			sourceTree = "<group>";
		};
/* End PBXGroup section */

/* Begin PBXNativeTarget section */
		04B28991245D23AC00113D5F /* 47-NotesApp */ = {
			isa = PBXNativeTarget;
			buildConfigurationList = 04B289A6245D23B000113D5F /* Build configuration list for PBXNativeTarget "47-NotesApp" */;
			buildPhases = (
				04B2898E245D23AC00113D5F /* Sources */,
				04B2898F245D23AC00113D5F /* Frameworks */,
				04B28990245D23AC00113D5F /* Resources */,
			);
			buildRules = (
			);
			dependencies = (
			);
			name = "47-NotesApp";
			productName = "47-NotesApp";
			productReference = 04B28992245D23AC00113D5F /* 47-NotesApp.app */;
			productType = "com.apple.product-type.application";
		};
/* End PBXNativeTarget section */

/* Begin PBXProject section */
		04B2898A245D23AC00113D5F /* Project object */ = {
			isa = PBXProject;
			attributes = {
				LastSwiftUpdateCheck = 1120;
				LastUpgradeCheck = 1120;
				ORGANIZATIONNAME = cagdaseksi;
				TargetAttributes = {
					04B28991245D23AC00113D5F = {
						CreatedOnToolsVersion = 11.2.1;
					};
				};
			};
			buildConfigurationList = 04B2898D245D23AC00113D5F /* Build configuration list for PBXProject "47-NotesApp" */;
			compatibilityVersion = "Xcode 9.3";
			developmentRegion = en;
			hasScannedForEncodings = 0;
			knownRegions = (
				en,
				Base,
			);
			mainGroup = 04B28989245D23AC00113D5F;
			productRefGroup = 04B28993245D23AC00113D5F /* Products */;
			projectDirPath = "";
			projectRoot = "";
			targets = (
				04B28991245D23AC00113D5F /* 47-NotesApp */,
			);
		};
/* End PBXProject section */

/* Begin PBXResourcesBuildPhase section */
		04B28990245D23AC00113D5F /* Resources */ = {
			isa = PBXResourcesBuildPhase;
			buildActionMask = 2147483647;
			files = (
				04B289A2245D23B000113D5F /* LaunchScreen.storyboard in Resources */,
				04B2899F245D23B000113D5F /* Assets.xcassets in Resources */,
				04B2899D245D23AC00113D5F /* Main.storyboard in Resources */,
			);
			runOnlyForDeploymentPostprocessing = 0;
		};
/* End PBXResourcesBuildPhase section */

/* Begin PBXSourcesBuildPhase section */
		04B2898E245D23AC00113D5F /* Sources */ = {
			isa = PBXSourcesBuildPhase;
			buildActionMask = 2147483647;
			files = (
				04B289AA245D24D300113D5F /* NoteViewController.swift in Sources */,
				04B2899A245D23AC00113D5F /* ViewController.swift in Sources */,
				04B289AC245D24E000113D5F /* NewViewController.swift in Sources */,
				04B28996245D23AC00113D5F /* AppDelegate.swift in Sources */,
				04B28998245D23AC00113D5F /* SceneDelegate.swift in Sources */,
			);
			runOnlyForDeploymentPostprocessing = 0;
		};
/* End PBXSourcesBuildPhase section */

/* Begin PBXVariantGroup section */
		04B2899B245D23AC00113D5F /* Main.storyboard */ = {
			isa = PBXVariantGroup;
			children = (
				04B2899C245D23AC00113D5F /* Base */,
			);
			name = Main.storyboard;
			sourceTree = "<group>";
		};
		04B289A0245D23B000113D5F /* LaunchScreen.storyboard */ = {
			isa = PBXVariantGroup;
			children = (
				04B289A1245D23B000113D5F /* Base */,
			);
			name = LaunchScreen.storyboard;
			sourceTree = "<group>";
		};
/* End PBXVariantGroup section */

/* Begin XCBuildConfiguration section */
		04B289A4245D23B000113D5F /* Debug */ = {
			isa = XCBuildConfiguration;
			buildSettings = {
				ALWAYS_SEARCH_USER_PATHS = NO;
				CLANG_ANALYZER_NONNULL = YES;
				CLANG_ANALYZER_NUMBER_OBJECT_CONVERSION = YES_AGGRESSIVE;
				CLANG_CXX_LANGUAGE_STANDARD = "gnu++14";
				CLANG_CXX_LIBRARY = "libc++";
				CLANG_ENABLE_MODULES = YES;
				CLANG_ENABLE_OBJC_ARC = YES;
				CLANG_ENABLE_OBJC_WEAK = YES;
				CLANG_WARN_BLOCK_CAPTURE_AUTORELEASING = YES;
				CLANG_WARN_BOOL_CONVERSION = YES;
				CLANG_WARN_COMMA = YES;
				CLANG_WARN_CONSTANT_CONVERSION = YES;
				CLANG_WARN_DEPRECATED_OBJC_IMPLEMENTATIONS = YES;
				CLANG_WARN_DIRECT_OBJC_ISA_USAGE = YES_ERROR;
				CLANG_WARN_DOCUMENTATION_COMMENTS = YES;
				CLANG_WARN_EMPTY_BODY = YES;
				CLANG_WARN_ENUM_CONVERSION = YES;
				CLANG_WARN_INFINITE_RECURSION = YES;
				CLANG_WARN_INT_CONVERSION = YES;
				CLANG_WARN_NON_LITERAL_NULL_CONVERSION = YES;
				CLANG_WARN_OBJC_IMPLICIT_RETAIN_SELF = YES;
				CLANG_WARN_OBJC_LITERAL_CONVERSION = YES;
				CLANG_WARN_OBJC_ROOT_CLASS = YES_ERROR;
				CLANG_WARN_RANGE_LOOP_ANALYSIS = YES;
				CLANG_WARN_STRICT_PROTOTYPES = YES;
				CLANG_WARN_SUSPICIOUS_MOVE = YES;
				CLANG_WARN_UNGUARDED_AVAILABILITY = YES_AGGRESSIVE;
				CLANG_WARN_UNREACHABLE_CODE = YES;
				CLANG_WARN__DUPLICATE_METHOD_MATCH = YES;
				COPY_PHASE_STRIP = NO;
				DEBUG_INFORMATION_FORMAT = dwarf;
				ENABLE_STRICT_OBJC_MSGSEND = YES;
				ENABLE_TESTABILITY = YES;
				GCC_C_LANGUAGE_STANDARD = gnu11;
				GCC_DYNAMIC_NO_PIC = NO;
				GCC_NO_COMMON_BLOCKS = YES;
				GCC_OPTIMIZATION_LEVEL = 0;
				GCC_PREPROCESSOR_DEFINITIONS = (
					"DEBUG=1",
					"$(inherited)",
				);
				GCC_WARN_64_TO_32_BIT_CONVERSION = YES;
				GCC_WARN_ABOUT_RETURN_TYPE = YES_ERROR;
				GCC_WARN_UNDECLARED_SELECTOR = YES;
				GCC_WARN_UNINITIALIZED_AUTOS = YES_AGGRESSIVE;
				GCC_WARN_UNUSED_FUNCTION = YES;
				GCC_WARN_UNUSED_VARIABLE = YES;
				IPHONEOS_DEPLOYMENT_TARGET = 13.2;
				MTL_ENABLE_DEBUG_INFO = INCLUDE_SOURCE;
				MTL_FAST_MATH = YES;
				ONLY_ACTIVE_ARCH = YES;
				SDKROOT = iphoneos;
				SWIFT_ACTIVE_COMPILATION_CONDITIONS = DEBUG;
				SWIFT_OPTIMIZATION_LEVEL = "-Onone";
			};
			name = Debug;
		};
		04B289A5245D23B000113D5F /* Release */ = {
			isa = XCBuildConfiguration;
			buildSettings = {
				ALWAYS_SEARCH_USER_PATHS = NO;
				CLANG_ANALYZER_NONNULL = YES;
				CLANG_ANALYZER_NUMBER_OBJECT_CONVERSION = YES_AGGRESSIVE;
				CLANG_CXX_LANGUAGE_STANDARD = "gnu++14";
				CLANG_CXX_LIBRARY = "libc++";
				CLANG_ENABLE_MODULES = YES;
				CLANG_ENABLE_OBJC_ARC = YES;
				CLANG_ENABLE_OBJC_WEAK = YES;
				CLANG_WARN_BLOCK_CAPTURE_AUTORELEASING = YES;
				CLANG_WARN_BOOL_CONVERSION = YES;
				CLANG_WARN_COMMA = YES;
				CLANG_WARN_CONSTANT_CONVERSION = YES;
				CLANG_WARN_DEPRECATED_OBJC_IMPLEMENTATIONS = YES;
				CLANG_WARN_DIRECT_OBJC_ISA_USAGE = YES_ERROR;
				CLANG_WARN_DOCUMENTATION_COMMENTS = YES;
				CLANG_WARN_EMPTY_BODY = YES;
				CLANG_WARN_ENUM_CONVERSION = YES;
				CLANG_WARN_INFINITE_RECURSION = YES;
				CLANG_WARN_INT_CONVERSION = YES;
				CLANG_WARN_NON_LITERAL_NULL_CONVERSION = YES;
				CLANG_WARN_OBJC_IMPLICIT_RETAIN_SELF = YES;
				CLANG_WARN_OBJC_LITERAL_CONVERSION = YES;
				CLANG_WARN_OBJC_ROOT_CLASS = YES_ERROR;
				CLANG_WARN_RANGE_LOOP_ANALYSIS = YES;
				CLANG_WARN_STRICT_PROTOTYPES = YES;
				CLANG_WARN_SUSPICIOUS_MOVE = YES;
				CLANG_WARN_UNGUARDED_AVAILABILITY = YES_AGGRESSIVE;
				CLANG_WARN_UNREACHABLE_CODE = YES;
				CLANG_WARN__DUPLICATE_METHOD_MATCH = YES;
				COPY_PHASE_STRIP = NO;
				DEBUG_INFORMATION_FORMAT = "dwarf-with-dsym";
				ENABLE_NS_ASSERTIONS = NO;
				ENABLE_STRICT_OBJC_MSGSEND = YES;
				GCC_C_LANGUAGE_STANDARD = gnu11;
				GCC_NO_COMMON_BLOCKS = YES;
				GCC_WARN_64_TO_32_BIT_CONVERSION = YES;
				GCC_WARN_ABOUT_RETURN_TYPE = YES_ERROR;
				GCC_WARN_UNDECLARED_SELECTOR = YES;
				GCC_WARN_UNINITIALIZED_AUTOS = YES_AGGRESSIVE;
				GCC_WARN_UNUSED_FUNCTION = YES;
				GCC_WARN_UNUSED_VARIABLE = YES;
				IPHONEOS_DEPLOYMENT_TARGET = 13.2;
				MTL_ENABLE_DEBUG_INFO = NO;
				MTL_FAST_MATH = YES;
				SDKROOT = iphoneos;
				SWIFT_COMPILATION_MODE = wholemodule;
				SWIFT_OPTIMIZATION_LEVEL = "-O";
				VALIDATE_PRODUCT = YES;
			};
			name = Release;
		};
		04B289A7245D23B000113D5F /* Debug */ = {
			isa = XCBuildConfiguration;
			buildSettings = {
				ASSETCATALOG_COMPILER_APPICON_NAME = AppIcon;
				CODE_SIGN_STYLE = Automatic;
				DEVELOPMENT_TEAM = A6KE5XTLM6;
				INFOPLIST_FILE = "47-NotesApp/Info.plist";
				LD_RUNPATH_SEARCH_PATHS = (
					"$(inherited)",
					"@executable_path/Frameworks",
				);
				PRODUCT_BUNDLE_IDENTIFIER = "com.ceksi.-7-NotesApp";
				PRODUCT_NAME = "$(TARGET_NAME)";
				SWIFT_VERSION = 5.0;
				TARGETED_DEVICE_FAMILY = "1,2";
			};
			name = Debug;
		};
		04B289A8245D23B000113D5F /* Release */ = {
			isa = XCBuildConfiguration;
			buildSettings = {
				ASSETCATALOG_COMPILER_APPICON_NAME = AppIcon;
				CODE_SIGN_STYLE = Automatic;
				DEVELOPMENT_TEAM = A6KE5XTLM6;
				INFOPLIST_FILE = "47-NotesApp/Info.plist";
				LD_RUNPATH_SEARCH_PATHS = (
					"$(inherited)",
					"@executable_path/Frameworks",
				);
				PRODUCT_BUNDLE_IDENTIFIER = "com.ceksi.-7-NotesApp";
				PRODUCT_NAME = "$(TARGET_NAME)";
				SWIFT_VERSION = 5.0;
				TARGETED_DEVICE_FAMILY = "1,2";
			};
			name = Release;
		};
/* End XCBuildConfiguration section */

/* Begin XCConfigurationList section */
		04B2898D245D23AC00113D5F /* Build configuration list for PBXProject "47-NotesApp" */ = {
			isa = XCConfigurationList;
			buildConfigurations = (
				04B289A4245D23B000113D5F /* Debug */,
				04B289A5245D23B000113D5F /* Release */,
			);
			defaultConfigurationIsVisible = 0;
			defaultConfigurationName = Release;
		};
		04B289A6245D23B000113D5F /* Build configuration list for PBXNativeTarget "47-NotesApp" */ = {
			isa = XCConfigurationList;
			buildConfigurations = (
				04B289A7245D23B000113D5F /* Debug */,
				04B289A8245D23B000113D5F /* Release */,
			);
			defaultConfigurationIsVisible = 0;
			defaultConfigurationName = Release;
		};
/* End XCConfigurationList section */
	};
	rootObject = 04B2898A245D23AC00113D5F /* Project object */;
}
