// !$*UTF8*$!
{
	archiveVersion = 1;
	classes = {
	};
	objectVersion = 50;
	objects = {

/* Begin PBXBuildFile section */
		042E0ADF245A13280007458C /* AppDelegate.swift in Sources */ = {isa = PBXBuildFile; fileRef = 042E0ADE245A13280007458C /* AppDelegate.swift */; };
		042E0AE1245A13280007458C /* SceneDelegate.swift in Sources */ = {isa = PBXBuildFile; fileRef = 042E0AE0245A13280007458C /* SceneDelegate.swift */; };
		042E0AE3245A13280007458C /* ViewController.swift in Sources */ = {isa = PBXBuildFile; fileRef = 042E0AE2245A13280007458C /* ViewController.swift */; };
		042E0AE6245A13280007458C /* Main.storyboard in Resources */ = {isa = PBXBuildFile; fileRef = 042E0AE4245A13280007458C /* Main.storyboard */; };
		042E0AE8245A132B0007458C /* Assets.xcassets in Resources */ = {isa = PBXBuildFile; fileRef = 042E0AE7245A132B0007458C /* Assets.xcassets */; };
		042E0AEB245A132B0007458C /* LaunchScreen.storyboard in Resources */ = {isa = PBXBuildFile; fileRef = 042E0AE9245A132B0007458C /* LaunchScreen.storyboard */; };
		042E0AF4245A133F0007458C /* q.jpg in Resources */ = {isa = PBXBuildFile; fileRef = 042E0AF2245A133E0007458C /* q.jpg */; };
		042E0AF5245A133F0007458C /* play.png in Resources */ = {isa = PBXBuildFile; fileRef = 042E0AF3245A133F0007458C /* play.png */; };
		042E0AF7245A15360007458C /* DetailViewController.swift in Sources */ = {isa = PBXBuildFile; fileRef = 042E0AF6245A15360007458C /* DetailViewController.swift */; };
/* End PBXBuildFile section */

/* Begin PBXFileReference section */
		042E0ADB245A13280007458C /* 43-QuizApp.app */ = {isa = PBXFileReference; explicitFileType = wrapper.application; includeInIndex = 0; path = "43-QuizApp.app"; sourceTree = BUILT_PRODUCTS_DIR; };
		042E0ADE245A13280007458C /* AppDelegate.swift */ = {isa = PBXFileReference; lastKnownFileType = sourcecode.swift; path = AppDelegate.swift; sourceTree = "<group>"; };
		042E0AE0245A13280007458C /* SceneDelegate.swift */ = {isa = PBXFileReference; lastKnownFileType = sourcecode.swift; path = SceneDelegate.swift; sourceTree = "<group>"; };
		042E0AE2245A13280007458C /* ViewController.swift */ = {isa = PBXFileReference; lastKnownFileType = sourcecode.swift; path = ViewController.swift; sourceTree = "<group>"; };
		042E0AE5245A13280007458C /* Base */ = {isa = PBXFileReference; lastKnownFileType = file.storyboard; name = Base; path = Base.lproj/Main.storyboard; sourceTree = "<group>"; };
		042E0AE7245A132B0007458C /* Assets.xcassets */ = {isa = PBXFileReference; lastKnownFileType = folder.assetcatalog; path = Assets.xcassets; sourceTree = "<group>"; };
		042E0AEA245A132B0007458C /* Base */ = {isa = PBXFileReference; lastKnownFileType = file.storyboard; name = Base; path = Base.lproj/LaunchScreen.storyboard; sourceTree = "<group>"; };
		042E0AEC245A132B0007458C /* Info.plist */ = {isa = PBXFileReference; lastKnownFileType = text.plist.xml; path = Info.plist; sourceTree = "<group>"; };
		042E0AF2245A133E0007458C /* q.jpg */ = {isa = PBXFileReference; lastKnownFileType = image.jpeg; path = q.jpg; sourceTree = "<group>"; };
		042E0AF3245A133F0007458C /* play.png */ = {isa = PBXFileReference; lastKnownFileType = image.png; path = play.png; sourceTree = "<group>"; };
		042E0AF6245A15360007458C /* DetailViewController.swift */ = {isa = PBXFileReference; lastKnownFileType = sourcecode.swift; path = DetailViewController.swift; sourceTree = "<group>"; };
/* End PBXFileReference section */

/* Begin PBXFrameworksBuildPhase section */
		042E0AD8245A13280007458C /* Frameworks */ = {
			isa = PBXFrameworksBuildPhase;
			buildActionMask = 2147483647;
			files = (
			);
			runOnlyForDeploymentPostprocessing = 0;
		};
/* End PBXFrameworksBuildPhase section */

/* Begin PBXGroup section */
		042E0AD2245A13270007458C = {
			isa = PBXGroup;
			children = (
				042E0ADD245A13280007458C /* 43-QuizApp */,
				042E0ADC245A13280007458C /* Products */,
			);
			sourceTree = "<group>";
		};
		042E0ADC245A13280007458C /* Products */ = {
			isa = PBXGroup;
			children = (
				042E0ADB245A13280007458C /* 43-QuizApp.app */,
			);
			name = Products;
			sourceTree = "<group>";
		};
		042E0ADD245A13280007458C /* 43-QuizApp */ = {
			isa = PBXGroup;
			children = (
				042E0ADE245A13280007458C /* AppDelegate.swift */,
				042E0AE0245A13280007458C /* SceneDelegate.swift */,
				042E0AE2245A13280007458C /* ViewController.swift */,
				042E0AE4245A13280007458C /* Main.storyboard */,
				042E0AE7245A132B0007458C /* Assets.xcassets */,
				042E0AE9245A132B0007458C /* LaunchScreen.storyboard */,
				042E0AEC245A132B0007458C /* Info.plist */,
				042E0AF3245A133F0007458C /* play.png */,
				042E0AF2245A133E0007458C /* q.jpg */,
				042E0AF6245A15360007458C /* DetailViewController.swift */,
			);
			path = "43-QuizApp";
			sourceTree = "<group>";
		};
/* End PBXGroup section */

/* Begin PBXNativeTarget section */
		042E0ADA245A13280007458C /* 43-QuizApp */ = {
			isa = PBXNativeTarget;
			buildConfigurationList = 042E0AEF245A132B0007458C /* Build configuration list for PBXNativeTarget "43-QuizApp" */;
			buildPhases = (
				042E0AD7245A13280007458C /* Sources */,
				042E0AD8245A13280007458C /* Frameworks */,
				042E0AD9245A13280007458C /* Resources */,
			);
			buildRules = (
			);
			dependencies = (
			);
			name = "43-QuizApp";
			productName = "43-QuizApp";
			productReference = 042E0ADB245A13280007458C /* 43-QuizApp.app */;
			productType = "com.apple.product-type.application";
		};
/* End PBXNativeTarget section */

/* Begin PBXProject section */
		042E0AD3245A13270007458C /* Project object */ = {
			isa = PBXProject;
			attributes = {
				LastSwiftUpdateCheck = 1120;
				LastUpgradeCheck = 1120;
				ORGANIZATIONNAME = cagdaseksi;
				TargetAttributes = {
					042E0ADA245A13280007458C = {
						CreatedOnToolsVersion = 11.2.1;
					};
				};
			};
			buildConfigurationList = 042E0AD6245A13270007458C /* Build configuration list for PBXProject "43-QuizApp" */;
			compatibilityVersion = "Xcode 9.3";
			developmentRegion = en;
			hasScannedForEncodings = 0;
			knownRegions = (
				en,
				Base,
			);
			mainGroup = 042E0AD2245A13270007458C;
			productRefGroup = 042E0ADC245A13280007458C /* Products */;
			projectDirPath = "";
			projectRoot = "";
			targets = (
				042E0ADA245A13280007458C /* 43-QuizApp */,
			);
		};
/* End PBXProject section */

/* Begin PBXResourcesBuildPhase section */
		042E0AD9245A13280007458C /* Resources */ = {
			isa = PBXResourcesBuildPhase;
			buildActionMask = 2147483647;
			files = (
				042E0AEB245A132B0007458C /* LaunchScreen.storyboard in Resources */,
				042E0AF5245A133F0007458C /* play.png in Resources */,
				042E0AF4245A133F0007458C /* q.jpg in Resources */,
				042E0AE8245A132B0007458C /* Assets.xcassets in Resources */,
				042E0AE6245A13280007458C /* Main.storyboard in Resources */,
			);
			runOnlyForDeploymentPostprocessing = 0;
		};
/* End PBXResourcesBuildPhase section */

/* Begin PBXSourcesBuildPhase section */
		042E0AD7245A13280007458C /* Sources */ = {
			isa = PBXSourcesBuildPhase;
			buildActionMask = 2147483647;
			files = (
				042E0AE3245A13280007458C /* ViewController.swift in Sources */,
				042E0ADF245A13280007458C /* AppDelegate.swift in Sources */,
				042E0AE1245A13280007458C /* SceneDelegate.swift in Sources */,
				042E0AF7245A15360007458C /* DetailViewController.swift in Sources */,
			);
			runOnlyForDeploymentPostprocessing = 0;
		};
/* End PBXSourcesBuildPhase section */

/* Begin PBXVariantGroup section */
		042E0AE4245A13280007458C /* Main.storyboard */ = {
			isa = PBXVariantGroup;
			children = (
				042E0AE5245A13280007458C /* Base */,
			);
			name = Main.storyboard;
			sourceTree = "<group>";
		};
		042E0AE9245A132B0007458C /* LaunchScreen.storyboard */ = {
			isa = PBXVariantGroup;
			children = (
				042E0AEA245A132B0007458C /* Base */,
			);
			name = LaunchScreen.storyboard;
			sourceTree = "<group>";
		};
/* End PBXVariantGroup section */

/* Begin XCBuildConfiguration section */
		042E0AED245A132B0007458C /* Debug */ = {
			isa = XCBuildConfiguration;
			buildSettings = {
				ALWAYS_SEARCH_USER_PATHS = NO;
				CLANG_ANALYZER_NONNULL = YES;
				CLANG_ANALYZER_NUMBER_OBJECT_CONVERSION = YES_AGGRESSIVE;
				CLANG_CXX_LANGUAGE_STANDARD = "gnu++14";
				CLANG_CXX_LIBRARY = "libc++";
				CLANG_ENABLE_MODULES = YES;
				CLANG_ENABLE_OBJC_ARC = YES;
				CLANG_ENABLE_OBJC_WEAK = YES;
				CLANG_WARN_BLOCK_CAPTURE_AUTORELEASING = YES;
				CLANG_WARN_BOOL_CONVERSION = YES;
				CLANG_WARN_COMMA = YES;
				CLANG_WARN_CONSTANT_CONVERSION = YES;
				CLANG_WARN_DEPRECATED_OBJC_IMPLEMENTATIONS = YES;
				CLANG_WARN_DIRECT_OBJC_ISA_USAGE = YES_ERROR;
				CLANG_WARN_DOCUMENTATION_COMMENTS = YES;
				CLANG_WARN_EMPTY_BODY = YES;
				CLANG_WARN_ENUM_CONVERSION = YES;
				CLANG_WARN_INFINITE_RECURSION = YES;
				CLANG_WARN_INT_CONVERSION = YES;
				CLANG_WARN_NON_LITERAL_NULL_CONVERSION = YES;
				CLANG_WARN_OBJC_IMPLICIT_RETAIN_SELF = YES;
				CLANG_WARN_OBJC_LITERAL_CONVERSION = YES;
				CLANG_WARN_OBJC_ROOT_CLASS = YES_ERROR;
				CLANG_WARN_RANGE_LOOP_ANALYSIS = YES;
				CLANG_WARN_STRICT_PROTOTYPES = YES;
				CLANG_WARN_SUSPICIOUS_MOVE = YES;
				CLANG_WARN_UNGUARDED_AVAILABILITY = YES_AGGRESSIVE;
				CLANG_WARN_UNREACHABLE_CODE = YES;
				CLANG_WARN__DUPLICATE_METHOD_MATCH = YES;
				COPY_PHASE_STRIP = NO;
				DEBUG_INFORMATION_FORMAT = dwarf;
				ENABLE_STRICT_OBJC_MSGSEND = YES;
				ENABLE_TESTABILITY = YES;
				GCC_C_LANGUAGE_STANDARD = gnu11;
				GCC_DYNAMIC_NO_PIC = NO;
				GCC_NO_COMMON_BLOCKS = YES;
				GCC_OPTIMIZATION_LEVEL = 0;
				GCC_PREPROCESSOR_DEFINITIONS = (
					"DEBUG=1",
					"$(inherited)",
				);
				GCC_WARN_64_TO_32_BIT_CONVERSION = YES;
				GCC_WARN_ABOUT_RETURN_TYPE = YES_ERROR;
				GCC_WARN_UNDECLARED_SELECTOR = YES;
				GCC_WARN_UNINITIALIZED_AUTOS = YES_AGGRESSIVE;
				GCC_WARN_UNUSED_FUNCTION = YES;
				GCC_WARN_UNUSED_VARIABLE = YES;
				IPHONEOS_DEPLOYMENT_TARGET = 13.2;
				MTL_ENABLE_DEBUG_INFO = INCLUDE_SOURCE;
				MTL_FAST_MATH = YES;
				ONLY_ACTIVE_ARCH = YES;
				SDKROOT = iphoneos;
				SWIFT_ACTIVE_COMPILATION_CONDITIONS = DEBUG;
				SWIFT_OPTIMIZATION_LEVEL = "-Onone";
			};
			name = Debug;
		};
		042E0AEE245A132B0007458C /* Release */ = {
			isa = XCBuildConfiguration;
			buildSettings = {
				ALWAYS_SEARCH_USER_PATHS = NO;
				CLANG_ANALYZER_NONNULL = YES;
				CLANG_ANALYZER_NUMBER_OBJECT_CONVERSION = YES_AGGRESSIVE;
				CLANG_CXX_LANGUAGE_STANDARD = "gnu++14";
				CLANG_CXX_LIBRARY = "libc++";
				CLANG_ENABLE_MODULES = YES;
				CLANG_ENABLE_OBJC_ARC = YES;
				CLANG_ENABLE_OBJC_WEAK = YES;
				CLANG_WARN_BLOCK_CAPTURE_AUTORELEASING = YES;
				CLANG_WARN_BOOL_CONVERSION = YES;
				CLANG_WARN_COMMA = YES;
				CLANG_WARN_CONSTANT_CONVERSION = YES;
				CLANG_WARN_DEPRECATED_OBJC_IMPLEMENTATIONS = YES;
				CLANG_WARN_DIRECT_OBJC_ISA_USAGE = YES_ERROR;
				CLANG_WARN_DOCUMENTATION_COMMENTS = YES;
				CLANG_WARN_EMPTY_BODY = YES;
				CLANG_WARN_ENUM_CONVERSION = YES;
				CLANG_WARN_INFINITE_RECURSION = YES;
				CLANG_WARN_INT_CONVERSION = YES;
				CLANG_WARN_NON_LITERAL_NULL_CONVERSION = YES;
				CLANG_WARN_OBJC_IMPLICIT_RETAIN_SELF = YES;
				CLANG_WARN_OBJC_LITERAL_CONVERSION = YES;
				CLANG_WARN_OBJC_ROOT_CLASS = YES_ERROR;
				CLANG_WARN_RANGE_LOOP_ANALYSIS = YES;
				CLANG_WARN_STRICT_PROTOTYPES = YES;
				CLANG_WARN_SUSPICIOUS_MOVE = YES;
				CLANG_WARN_UNGUARDED_AVAILABILITY = YES_AGGRESSIVE;
				CLANG_WARN_UNREACHABLE_CODE = YES;
				CLANG_WARN__DUPLICATE_METHOD_MATCH = YES;
				COPY_PHASE_STRIP = NO;
				DEBUG_INFORMATION_FORMAT = "dwarf-with-dsym";
				ENABLE_NS_ASSERTIONS = NO;
				ENABLE_STRICT_OBJC_MSGSEND = YES;
				GCC_C_LANGUAGE_STANDARD = gnu11;
				GCC_NO_COMMON_BLOCKS = YES;
				GCC_WARN_64_TO_32_BIT_CONVERSION = YES;
				GCC_WARN_ABOUT_RETURN_TYPE = YES_ERROR;
				GCC_WARN_UNDECLARED_SELECTOR = YES;
				GCC_WARN_UNINITIALIZED_AUTOS = YES_AGGRESSIVE;
				GCC_WARN_UNUSED_FUNCTION = YES;
				GCC_WARN_UNUSED_VARIABLE = YES;
				IPHONEOS_DEPLOYMENT_TARGET = 13.2;
				MTL_ENABLE_DEBUG_INFO = NO;
				MTL_FAST_MATH = YES;
				SDKROOT = iphoneos;
				SWIFT_COMPILATION_MODE = wholemodule;
				SWIFT_OPTIMIZATION_LEVEL = "-O";
				VALIDATE_PRODUCT = YES;
			};
			name = Release;
		};
		042E0AF0245A132B0007458C /* Debug */ = {
			isa = XCBuildConfiguration;
			buildSettings = {
				ASSETCATALOG_COMPILER_APPICON_NAME = AppIcon;
				CODE_SIGN_STYLE = Automatic;
				DEVELOPMENT_TEAM = A6KE5XTLM6;
				INFOPLIST_FILE = "43-QuizApp/Info.plist";
				LD_RUNPATH_SEARCH_PATHS = (
					"$(inherited)",
					"@executable_path/Frameworks",
				);
				PRODUCT_BUNDLE_IDENTIFIER = "com.ceksi.-3-QuizApp";
				PRODUCT_NAME = "$(TARGET_NAME)";
				SWIFT_VERSION = 5.0;
				TARGETED_DEVICE_FAMILY = "1,2";
			};
			name = Debug;
		};
		042E0AF1245A132B0007458C /* Release */ = {
			isa = XCBuildConfiguration;
			buildSettings = {
				ASSETCATALOG_COMPILER_APPICON_NAME = AppIcon;
				CODE_SIGN_STYLE = Automatic;
				DEVELOPMENT_TEAM = A6KE5XTLM6;
				INFOPLIST_FILE = "43-QuizApp/Info.plist";
				LD_RUNPATH_SEARCH_PATHS = (
					"$(inherited)",
					"@executable_path/Frameworks",
				);
				PRODUCT_BUNDLE_IDENTIFIER = "com.ceksi.-3-QuizApp";
				PRODUCT_NAME = "$(TARGET_NAME)";
				SWIFT_VERSION = 5.0;
				TARGETED_DEVICE_FAMILY = "1,2";
			};
			name = Release;
		};
/* End XCBuildConfiguration section */

/* Begin XCConfigurationList section */
		042E0AD6245A13270007458C /* Build configuration list for PBXProject "43-QuizApp" */ = {
			isa = XCConfigurationList;
			buildConfigurations = (
				042E0AED245A132B0007458C /* Debug */,
				042E0AEE245A132B0007458C /* Release */,
			);
			defaultConfigurationIsVisible = 0;
			defaultConfigurationName = Release;
		};
		042E0AEF245A132B0007458C /* Build configuration list for PBXNativeTarget "43-QuizApp" */ = {
			isa = XCConfigurationList;
			buildConfigurations = (
				042E0AF0245A132B0007458C /* Debug */,
				042E0AF1245A132B0007458C /* Release */,
			);
			defaultConfigurationIsVisible = 0;
			defaultConfigurationName = Release;
		};
/* End XCConfigurationList section */
	};
	rootObject = 042E0AD3245A13270007458C /* Project object */;
}
