// !$*UTF8*$!
{
	archiveVersion = 1;
	classes = {
	};
	objectVersion = 50;
	objects = {

/* Begin PBXBuildFile section */
		0432CD5B23DC489B00E3D72E /* ViewController2.swift in Sources */ = {isa = PBXBuildFile; fileRef = 0432CD5A23DC489B00E3D72E /* ViewController2.swift */; };
		0432CD5D23DC65E100E3D72E /* ViewController3.swift in Sources */ = {isa = PBXBuildFile; fileRef = 0432CD5C23DC65E100E3D72E /* ViewController3.swift */; };
		04DCBBA423D79E6E00DEB618 /* AppDelegate.swift in Sources */ = {isa = PBXBuildFile; fileRef = 04DCBBA323D79E6E00DEB618 /* AppDelegate.swift */; };
		04DCBBA623D79E6E00DEB618 /* SceneDelegate.swift in Sources */ = {isa = PBXBuildFile; fileRef = 04DCBBA523D79E6E00DEB618 /* SceneDelegate.swift */; };
		04DCBBA823D79E6E00DEB618 /* ViewController.swift in Sources */ = {isa = PBXBuildFile; fileRef = 04DCBBA723D79E6E00DEB618 /* ViewController.swift */; };
		04DCBBAB23D79E6E00DEB618 /* Main.storyboard in Resources */ = {isa = PBXBuildFile; fileRef = 04DCBBA923D79E6E00DEB618 /* Main.storyboard */; };
		04DCBBAD23D79E7400DEB618 /* Assets.xcassets in Resources */ = {isa = PBXBuildFile; fileRef = 04DCBBAC23D79E7400DEB618 /* Assets.xcassets */; };
		04DCBBB023D79E7400DEB618 /* LaunchScreen.storyboard in Resources */ = {isa = PBXBuildFile; fileRef = 04DCBBAE23D79E7400DEB618 /* LaunchScreen.storyboard */; };
/* End PBXBuildFile section */

/* Begin PBXFileReference section */
		0432CD5A23DC489B00E3D72E /* ViewController2.swift */ = {isa = PBXFileReference; lastKnownFileType = sourcecode.swift; path = ViewController2.swift; sourceTree = "<group>"; };
		0432CD5C23DC65E100E3D72E /* ViewController3.swift */ = {isa = PBXFileReference; lastKnownFileType = sourcecode.swift; path = ViewController3.swift; sourceTree = "<group>"; };
		04DCBBA023D79E6E00DEB618 /* SwiftIfElse.app */ = {isa = PBXFileReference; explicitFileType = wrapper.application; includeInIndex = 0; path = SwiftIfElse.app; sourceTree = BUILT_PRODUCTS_DIR; };
		04DCBBA323D79E6E00DEB618 /* AppDelegate.swift */ = {isa = PBXFileReference; lastKnownFileType = sourcecode.swift; path = AppDelegate.swift; sourceTree = "<group>"; };
		04DCBBA523D79E6E00DEB618 /* SceneDelegate.swift */ = {isa = PBXFileReference; lastKnownFileType = sourcecode.swift; path = SceneDelegate.swift; sourceTree = "<group>"; };
		04DCBBA723D79E6E00DEB618 /* ViewController.swift */ = {isa = PBXFileReference; lastKnownFileType = sourcecode.swift; path = ViewController.swift; sourceTree = "<group>"; };
		04DCBBAA23D79E6E00DEB618 /* Base */ = {isa = PBXFileReference; lastKnownFileType = file.storyboard; name = Base; path = Base.lproj/Main.storyboard; sourceTree = "<group>"; };
		04DCBBAC23D79E7400DEB618 /* Assets.xcassets */ = {isa = PBXFileReference; lastKnownFileType = folder.assetcatalog; path = Assets.xcassets; sourceTree = "<group>"; };
		04DCBBAF23D79E7400DEB618 /* Base */ = {isa = PBXFileReference; lastKnownFileType = file.storyboard; name = Base; path = Base.lproj/LaunchScreen.storyboard; sourceTree = "<group>"; };
		04DCBBB123D79E7400DEB618 /* Info.plist */ = {isa = PBXFileReference; lastKnownFileType = text.plist.xml; path = Info.plist; sourceTree = "<group>"; };
/* End PBXFileReference section */

/* Begin PBXFrameworksBuildPhase section */
		04DCBB9D23D79E6E00DEB618 /* Frameworks */ = {
			isa = PBXFrameworksBuildPhase;
			buildActionMask = 2147483647;
			files = (
			);
			runOnlyForDeploymentPostprocessing = 0;
		};
/* End PBXFrameworksBuildPhase section */

/* Begin PBXGroup section */
		04DCBB9723D79E6E00DEB618 = {
			isa = PBXGroup;
			children = (
				04DCBBA223D79E6E00DEB618 /* SwiftIfElse */,
				04DCBBA123D79E6E00DEB618 /* Products */,
			);
			sourceTree = "<group>";
		};
		04DCBBA123D79E6E00DEB618 /* Products */ = {
			isa = PBXGroup;
			children = (
				04DCBBA023D79E6E00DEB618 /* SwiftIfElse.app */,
			);
			name = Products;
			sourceTree = "<group>";
		};
		04DCBBA223D79E6E00DEB618 /* SwiftIfElse */ = {
			isa = PBXGroup;
			children = (
				04DCBBA323D79E6E00DEB618 /* AppDelegate.swift */,
				04DCBBA523D79E6E00DEB618 /* SceneDelegate.swift */,
				04DCBBA723D79E6E00DEB618 /* ViewController.swift */,
				0432CD5A23DC489B00E3D72E /* ViewController2.swift */,
				0432CD5C23DC65E100E3D72E /* ViewController3.swift */,
				04DCBBA923D79E6E00DEB618 /* Main.storyboard */,
				04DCBBAC23D79E7400DEB618 /* Assets.xcassets */,
				04DCBBAE23D79E7400DEB618 /* LaunchScreen.storyboard */,
				04DCBBB123D79E7400DEB618 /* Info.plist */,
			);
			path = SwiftIfElse;
			sourceTree = "<group>";
		};
/* End PBXGroup section */

/* Begin PBXNativeTarget section */
		04DCBB9F23D79E6E00DEB618 /* SwiftIfElse */ = {
			isa = PBXNativeTarget;
			buildConfigurationList = 04DCBBB423D79E7400DEB618 /* Build configuration list for PBXNativeTarget "SwiftIfElse" */;
			buildPhases = (
				04DCBB9C23D79E6E00DEB618 /* Sources */,
				04DCBB9D23D79E6E00DEB618 /* Frameworks */,
				04DCBB9E23D79E6E00DEB618 /* Resources */,
			);
			buildRules = (
			);
			dependencies = (
			);
			name = SwiftIfElse;
			productName = SwiftIfElse;
			productReference = 04DCBBA023D79E6E00DEB618 /* SwiftIfElse.app */;
			productType = "com.apple.product-type.application";
		};
/* End PBXNativeTarget section */

/* Begin PBXProject section */
		04DCBB9823D79E6E00DEB618 /* Project object */ = {
			isa = PBXProject;
			attributes = {
				LastSwiftUpdateCheck = 1120;
				LastUpgradeCheck = 1120;
				ORGANIZATIONNAME = cagdaseksi;
				TargetAttributes = {
					04DCBB9F23D79E6E00DEB618 = {
						CreatedOnToolsVersion = 11.2.1;
					};
				};
			};
			buildConfigurationList = 04DCBB9B23D79E6E00DEB618 /* Build configuration list for PBXProject "SwiftIfElse" */;
			compatibilityVersion = "Xcode 9.3";
			developmentRegion = en;
			hasScannedForEncodings = 0;
			knownRegions = (
				en,
				Base,
			);
			mainGroup = 04DCBB9723D79E6E00DEB618;
			productRefGroup = 04DCBBA123D79E6E00DEB618 /* Products */;
			projectDirPath = "";
			projectRoot = "";
			targets = (
				04DCBB9F23D79E6E00DEB618 /* SwiftIfElse */,
			);
		};
/* End PBXProject section */

/* Begin PBXResourcesBuildPhase section */
		04DCBB9E23D79E6E00DEB618 /* Resources */ = {
			isa = PBXResourcesBuildPhase;
			buildActionMask = 2147483647;
			files = (
				04DCBBB023D79E7400DEB618 /* LaunchScreen.storyboard in Resources */,
				04DCBBAD23D79E7400DEB618 /* Assets.xcassets in Resources */,
				04DCBBAB23D79E6E00DEB618 /* Main.storyboard in Resources */,
			);
			runOnlyForDeploymentPostprocessing = 0;
		};
/* End PBXResourcesBuildPhase section */

/* Begin PBXSourcesBuildPhase section */
		04DCBB9C23D79E6E00DEB618 /* Sources */ = {
			isa = PBXSourcesBuildPhase;
			buildActionMask = 2147483647;
			files = (
				0432CD5D23DC65E100E3D72E /* ViewController3.swift in Sources */,
				04DCBBA823D79E6E00DEB618 /* ViewController.swift in Sources */,
				0432CD5B23DC489B00E3D72E /* ViewController2.swift in Sources */,
				04DCBBA423D79E6E00DEB618 /* AppDelegate.swift in Sources */,
				04DCBBA623D79E6E00DEB618 /* SceneDelegate.swift in Sources */,
			);
			runOnlyForDeploymentPostprocessing = 0;
		};
/* End PBXSourcesBuildPhase section */

/* Begin PBXVariantGroup section */
		04DCBBA923D79E6E00DEB618 /* Main.storyboard */ = {
			isa = PBXVariantGroup;
			children = (
				04DCBBAA23D79E6E00DEB618 /* Base */,
			);
			name = Main.storyboard;
			sourceTree = "<group>";
		};
		04DCBBAE23D79E7400DEB618 /* LaunchScreen.storyboard */ = {
			isa = PBXVariantGroup;
			children = (
				04DCBBAF23D79E7400DEB618 /* Base */,
			);
			name = LaunchScreen.storyboard;
			sourceTree = "<group>";
		};
/* End PBXVariantGroup section */

/* Begin XCBuildConfiguration section */
		04DCBBB223D79E7400DEB618 /* Debug */ = {
			isa = XCBuildConfiguration;
			buildSettings = {
				ALWAYS_SEARCH_USER_PATHS = NO;
				CLANG_ANALYZER_NONNULL = YES;
				CLANG_ANALYZER_NUMBER_OBJECT_CONVERSION = YES_AGGRESSIVE;
				CLANG_CXX_LANGUAGE_STANDARD = "gnu++14";
				CLANG_CXX_LIBRARY = "libc++";
				CLANG_ENABLE_MODULES = YES;
				CLANG_ENABLE_OBJC_ARC = YES;
				CLANG_ENABLE_OBJC_WEAK = YES;
				CLANG_WARN_BLOCK_CAPTURE_AUTORELEASING = YES;
				CLANG_WARN_BOOL_CONVERSION = YES;
				CLANG_WARN_COMMA = YES;
				CLANG_WARN_CONSTANT_CONVERSION = YES;
				CLANG_WARN_DEPRECATED_OBJC_IMPLEMENTATIONS = YES;
				CLANG_WARN_DIRECT_OBJC_ISA_USAGE = YES_ERROR;
				CLANG_WARN_DOCUMENTATION_COMMENTS = YES;
				CLANG_WARN_EMPTY_BODY = YES;
				CLANG_WARN_ENUM_CONVERSION = YES;
				CLANG_WARN_INFINITE_RECURSION = YES;
				CLANG_WARN_INT_CONVERSION = YES;
				CLANG_WARN_NON_LITERAL_NULL_CONVERSION = YES;
				CLANG_WARN_OBJC_IMPLICIT_RETAIN_SELF = YES;
				CLANG_WARN_OBJC_LITERAL_CONVERSION = YES;
				CLANG_WARN_OBJC_ROOT_CLASS = YES_ERROR;
				CLANG_WARN_RANGE_LOOP_ANALYSIS = YES;
				CLANG_WARN_STRICT_PROTOTYPES = YES;
				CLANG_WARN_SUSPICIOUS_MOVE = YES;
				CLANG_WARN_UNGUARDED_AVAILABILITY = YES_AGGRESSIVE;
				CLANG_WARN_UNREACHABLE_CODE = YES;
				CLANG_WARN__DUPLICATE_METHOD_MATCH = YES;
				COPY_PHASE_STRIP = NO;
				DEBUG_INFORMATION_FORMAT = dwarf;
				ENABLE_STRICT_OBJC_MSGSEND = YES;
				ENABLE_TESTABILITY = YES;
				GCC_C_LANGUAGE_STANDARD = gnu11;
				GCC_DYNAMIC_NO_PIC = NO;
				GCC_NO_COMMON_BLOCKS = YES;
				GCC_OPTIMIZATION_LEVEL = 0;
				GCC_PREPROCESSOR_DEFINITIONS = (
					"DEBUG=1",
					"$(inherited)",
				);
				GCC_WARN_64_TO_32_BIT_CONVERSION = YES;
				GCC_WARN_ABOUT_RETURN_TYPE = YES_ERROR;
				GCC_WARN_UNDECLARED_SELECTOR = YES;
				GCC_WARN_UNINITIALIZED_AUTOS = YES_AGGRESSIVE;
				GCC_WARN_UNUSED_FUNCTION = YES;
				GCC_WARN_UNUSED_VARIABLE = YES;
				IPHONEOS_DEPLOYMENT_TARGET = 13.2;
				MTL_ENABLE_DEBUG_INFO = INCLUDE_SOURCE;
				MTL_FAST_MATH = YES;
				ONLY_ACTIVE_ARCH = YES;
				SDKROOT = iphoneos;
				SWIFT_ACTIVE_COMPILATION_CONDITIONS = DEBUG;
				SWIFT_OPTIMIZATION_LEVEL = "-Onone";
			};
			name = Debug;
		};
		04DCBBB323D79E7400DEB618 /* Release */ = {
			isa = XCBuildConfiguration;
			buildSettings = {
				ALWAYS_SEARCH_USER_PATHS = NO;
				CLANG_ANALYZER_NONNULL = YES;
				CLANG_ANALYZER_NUMBER_OBJECT_CONVERSION = YES_AGGRESSIVE;
				CLANG_CXX_LANGUAGE_STANDARD = "gnu++14";
				CLANG_CXX_LIBRARY = "libc++";
				CLANG_ENABLE_MODULES = YES;
				CLANG_ENABLE_OBJC_ARC = YES;
				CLANG_ENABLE_OBJC_WEAK = YES;
				CLANG_WARN_BLOCK_CAPTURE_AUTORELEASING = YES;
				CLANG_WARN_BOOL_CONVERSION = YES;
				CLANG_WARN_COMMA = YES;
				CLANG_WARN_CONSTANT_CONVERSION = YES;
				CLANG_WARN_DEPRECATED_OBJC_IMPLEMENTATIONS = YES;
				CLANG_WARN_DIRECT_OBJC_ISA_USAGE = YES_ERROR;
				CLANG_WARN_DOCUMENTATION_COMMENTS = YES;
				CLANG_WARN_EMPTY_BODY = YES;
				CLANG_WARN_ENUM_CONVERSION = YES;
				CLANG_WARN_INFINITE_RECURSION = YES;
				CLANG_WARN_INT_CONVERSION = YES;
				CLANG_WARN_NON_LITERAL_NULL_CONVERSION = YES;
				CLANG_WARN_OBJC_IMPLICIT_RETAIN_SELF = YES;
				CLANG_WARN_OBJC_LITERAL_CONVERSION = YES;
				CLANG_WARN_OBJC_ROOT_CLASS = YES_ERROR;
				CLANG_WARN_RANGE_LOOP_ANALYSIS = YES;
				CLANG_WARN_STRICT_PROTOTYPES = YES;
				CLANG_WARN_SUSPICIOUS_MOVE = YES;
				CLANG_WARN_UNGUARDED_AVAILABILITY = YES_AGGRESSIVE;
				CLANG_WARN_UNREACHABLE_CODE = YES;
				CLANG_WARN__DUPLICATE_METHOD_MATCH = YES;
				COPY_PHASE_STRIP = NO;
				DEBUG_INFORMATION_FORMAT = "dwarf-with-dsym";
				ENABLE_NS_ASSERTIONS = NO;
				ENABLE_STRICT_OBJC_MSGSEND = YES;
				GCC_C_LANGUAGE_STANDARD = gnu11;
				GCC_NO_COMMON_BLOCKS = YES;
				GCC_WARN_64_TO_32_BIT_CONVERSION = YES;
				GCC_WARN_ABOUT_RETURN_TYPE = YES_ERROR;
				GCC_WARN_UNDECLARED_SELECTOR = YES;
				GCC_WARN_UNINITIALIZED_AUTOS = YES_AGGRESSIVE;
				GCC_WARN_UNUSED_FUNCTION = YES;
				GCC_WARN_UNUSED_VARIABLE = YES;
				IPHONEOS_DEPLOYMENT_TARGET = 13.2;
				MTL_ENABLE_DEBUG_INFO = NO;
				MTL_FAST_MATH = YES;
				SDKROOT = iphoneos;
				SWIFT_COMPILATION_MODE = wholemodule;
				SWIFT_OPTIMIZATION_LEVEL = "-O";
				VALIDATE_PRODUCT = YES;
			};
			name = Release;
		};
		04DCBBB523D79E7400DEB618 /* Debug */ = {
			isa = XCBuildConfiguration;
			buildSettings = {
				ASSETCATALOG_COMPILER_APPICON_NAME = AppIcon;
				CODE_SIGN_STYLE = Automatic;
				DEVELOPMENT_TEAM = A6KE5XTLM6;
				INFOPLIST_FILE = SwiftIfElse/Info.plist;
				LD_RUNPATH_SEARCH_PATHS = (
					"$(inherited)",
					"@executable_path/Frameworks",
				);
				PRODUCT_BUNDLE_IDENTIFIER = com.ceksi.SwiftIfElse;
				PRODUCT_NAME = "$(TARGET_NAME)";
				SWIFT_VERSION = 5.0;
				TARGETED_DEVICE_FAMILY = "1,2";
			};
			name = Debug;
		};
		04DCBBB623D79E7400DEB618 /* Release */ = {
			isa = XCBuildConfiguration;
			buildSettings = {
				ASSETCATALOG_COMPILER_APPICON_NAME = AppIcon;
				CODE_SIGN_STYLE = Automatic;
				DEVELOPMENT_TEAM = A6KE5XTLM6;
				INFOPLIST_FILE = SwiftIfElse/Info.plist;
				LD_RUNPATH_SEARCH_PATHS = (
					"$(inherited)",
					"@executable_path/Frameworks",
				);
				PRODUCT_BUNDLE_IDENTIFIER = com.ceksi.SwiftIfElse;
				PRODUCT_NAME = "$(TARGET_NAME)";
				SWIFT_VERSION = 5.0;
				TARGETED_DEVICE_FAMILY = "1,2";
			};
			name = Release;
		};
/* End XCBuildConfiguration section */

/* Begin XCConfigurationList section */
		04DCBB9B23D79E6E00DEB618 /* Build configuration list for PBXProject "SwiftIfElse" */ = {
			isa = XCConfigurationList;
			buildConfigurations = (
				04DCBBB223D79E7400DEB618 /* Debug */,
				04DCBBB323D79E7400DEB618 /* Release */,
			);
			defaultConfigurationIsVisible = 0;
			defaultConfigurationName = Release;
		};
		04DCBBB423D79E7400DEB618 /* Build configuration list for PBXNativeTarget "SwiftIfElse" */ = {
			isa = XCConfigurationList;
			buildConfigurations = (
				04DCBBB523D79E7400DEB618 /* Debug */,
				04DCBBB623D79E7400DEB618 /* Release */,
			);
			defaultConfigurationIsVisible = 0;
			defaultConfigurationName = Release;
		};
/* End XCConfigurationList section */
	};
	rootObject = 04DCBB9823D79E6E00DEB618 /* Project object */;
}
