// !$*UTF8*$!
{
	archiveVersion = 1;
	classes = {
	};
	objectVersion = 50;
	objects = {

/* Begin PBXBuildFile section */
		04D1E398245832C000C4DABC /* AppDelegate.swift in Sources */ = {isa = PBXBuildFile; fileRef = 04D1E397245832C000C4DABC /* AppDelegate.swift */; };
		04D1E39A245832C000C4DABC /* SceneDelegate.swift in Sources */ = {isa = PBXBuildFile; fileRef = 04D1E399245832C000C4DABC /* SceneDelegate.swift */; };
		04D1E39C245832C000C4DABC /* ViewController.swift in Sources */ = {isa = PBXBuildFile; fileRef = 04D1E39B245832C000C4DABC /* ViewController.swift */; };
		04D1E39F245832C000C4DABC /* Main.storyboard in Resources */ = {isa = PBXBuildFile; fileRef = 04D1E39D245832C000C4DABC /* Main.storyboard */; };
		04D1E3A1245832CA00C4DABC /* Assets.xcassets in Resources */ = {isa = PBXBuildFile; fileRef = 04D1E3A0245832CA00C4DABC /* Assets.xcassets */; };
		04D1E3A4245832CA00C4DABC /* LaunchScreen.storyboard in Resources */ = {isa = PBXBuildFile; fileRef = 04D1E3A2245832CA00C4DABC /* LaunchScreen.storyboard */; };
		04D1E3AC2458333B00C4DABC /* weather.jpg in Resources */ = {isa = PBXBuildFile; fileRef = 04D1E3AB2458333B00C4DABC /* weather.jpg */; };
		04D1E3AE2458353400C4DABC /* DetailViewController.swift in Sources */ = {isa = PBXBuildFile; fileRef = 04D1E3AD2458353400C4DABC /* DetailViewController.swift */; };
/* End PBXBuildFile section */

/* Begin PBXFileReference section */
		04D1E394245832C000C4DABC /* 39-WeatherApp.app */ = {isa = PBXFileReference; explicitFileType = wrapper.application; includeInIndex = 0; path = "39-WeatherApp.app"; sourceTree = BUILT_PRODUCTS_DIR; };
		04D1E397245832C000C4DABC /* AppDelegate.swift */ = {isa = PBXFileReference; lastKnownFileType = sourcecode.swift; path = AppDelegate.swift; sourceTree = "<group>"; };
		04D1E399245832C000C4DABC /* SceneDelegate.swift */ = {isa = PBXFileReference; lastKnownFileType = sourcecode.swift; path = SceneDelegate.swift; sourceTree = "<group>"; };
		04D1E39B245832C000C4DABC /* ViewController.swift */ = {isa = PBXFileReference; lastKnownFileType = sourcecode.swift; path = ViewController.swift; sourceTree = "<group>"; };
		04D1E39E245832C000C4DABC /* Base */ = {isa = PBXFileReference; lastKnownFileType = file.storyboard; name = Base; path = Base.lproj/Main.storyboard; sourceTree = "<group>"; };
		04D1E3A0245832CA00C4DABC /* Assets.xcassets */ = {isa = PBXFileReference; lastKnownFileType = folder.assetcatalog; path = Assets.xcassets; sourceTree = "<group>"; };
		04D1E3A3245832CA00C4DABC /* Base */ = {isa = PBXFileReference; lastKnownFileType = file.storyboard; name = Base; path = Base.lproj/LaunchScreen.storyboard; sourceTree = "<group>"; };
		04D1E3A5245832CA00C4DABC /* Info.plist */ = {isa = PBXFileReference; lastKnownFileType = text.plist.xml; path = Info.plist; sourceTree = "<group>"; };
		04D1E3AB2458333B00C4DABC /* weather.jpg */ = {isa = PBXFileReference; lastKnownFileType = image.jpeg; path = weather.jpg; sourceTree = "<group>"; };
		04D1E3AD2458353400C4DABC /* DetailViewController.swift */ = {isa = PBXFileReference; lastKnownFileType = sourcecode.swift; path = DetailViewController.swift; sourceTree = "<group>"; };
/* End PBXFileReference section */

/* Begin PBXFrameworksBuildPhase section */
		04D1E391245832C000C4DABC /* Frameworks */ = {
			isa = PBXFrameworksBuildPhase;
			buildActionMask = 2147483647;
			files = (
			);
			runOnlyForDeploymentPostprocessing = 0;
		};
/* End PBXFrameworksBuildPhase section */

/* Begin PBXGroup section */
		04D1E38B245832C000C4DABC = {
			isa = PBXGroup;
			children = (
				04D1E396245832C000C4DABC /* 39-WeatherApp */,
				04D1E395245832C000C4DABC /* Products */,
			);
			sourceTree = "<group>";
		};
		04D1E395245832C000C4DABC /* Products */ = {
			isa = PBXGroup;
			children = (
				04D1E394245832C000C4DABC /* 39-WeatherApp.app */,
			);
			name = Products;
			sourceTree = "<group>";
		};
		04D1E396245832C000C4DABC /* 39-WeatherApp */ = {
			isa = PBXGroup;
			children = (
				04D1E397245832C000C4DABC /* AppDelegate.swift */,
				04D1E399245832C000C4DABC /* SceneDelegate.swift */,
				04D1E39B245832C000C4DABC /* ViewController.swift */,
				04D1E39D245832C000C4DABC /* Main.storyboard */,
				04D1E3A0245832CA00C4DABC /* Assets.xcassets */,
				04D1E3A2245832CA00C4DABC /* LaunchScreen.storyboard */,
				04D1E3A5245832CA00C4DABC /* Info.plist */,
				04D1E3AB2458333B00C4DABC /* weather.jpg */,
				04D1E3AD2458353400C4DABC /* DetailViewController.swift */,
			);
			path = "39-WeatherApp";
			sourceTree = "<group>";
		};
/* End PBXGroup section */

/* Begin PBXNativeTarget section */
		04D1E393245832C000C4DABC /* 39-WeatherApp */ = {
			isa = PBXNativeTarget;
			buildConfigurationList = 04D1E3A8245832CA00C4DABC /* Build configuration list for PBXNativeTarget "39-WeatherApp" */;
			buildPhases = (
				04D1E390245832C000C4DABC /* Sources */,
				04D1E391245832C000C4DABC /* Frameworks */,
				04D1E392245832C000C4DABC /* Resources */,
			);
			buildRules = (
			);
			dependencies = (
			);
			name = "39-WeatherApp";
			productName = "39-WeatherApp";
			productReference = 04D1E394245832C000C4DABC /* 39-WeatherApp.app */;
			productType = "com.apple.product-type.application";
		};
/* End PBXNativeTarget section */

/* Begin PBXProject section */
		04D1E38C245832C000C4DABC /* Project object */ = {
			isa = PBXProject;
			attributes = {
				LastSwiftUpdateCheck = 1120;
				LastUpgradeCheck = 1120;
				ORGANIZATIONNAME = cagdaseksi;
				TargetAttributes = {
					04D1E393245832C000C4DABC = {
						CreatedOnToolsVersion = 11.2.1;
					};
				};
			};
			buildConfigurationList = 04D1E38F245832C000C4DABC /* Build configuration list for PBXProject "39-WeatherApp" */;
			compatibilityVersion = "Xcode 9.3";
			developmentRegion = en;
			hasScannedForEncodings = 0;
			knownRegions = (
				en,
				Base,
			);
			mainGroup = 04D1E38B245832C000C4DABC;
			productRefGroup = 04D1E395245832C000C4DABC /* Products */;
			projectDirPath = "";
			projectRoot = "";
			targets = (
				04D1E393245832C000C4DABC /* 39-WeatherApp */,
			);
		};
/* End PBXProject section */

/* Begin PBXResourcesBuildPhase section */
		04D1E392245832C000C4DABC /* Resources */ = {
			isa = PBXResourcesBuildPhase;
			buildActionMask = 2147483647;
			files = (
				04D1E3A4245832CA00C4DABC /* LaunchScreen.storyboard in Resources */,
				04D1E3A1245832CA00C4DABC /* Assets.xcassets in Resources */,
				04D1E3AC2458333B00C4DABC /* weather.jpg in Resources */,
				04D1E39F245832C000C4DABC /* Main.storyboard in Resources */,
			);
			runOnlyForDeploymentPostprocessing = 0;
		};
/* End PBXResourcesBuildPhase section */

/* Begin PBXSourcesBuildPhase section */
		04D1E390245832C000C4DABC /* Sources */ = {
			isa = PBXSourcesBuildPhase;
			buildActionMask = 2147483647;
			files = (
				04D1E39C245832C000C4DABC /* ViewController.swift in Sources */,
				04D1E398245832C000C4DABC /* AppDelegate.swift in Sources */,
				04D1E39A245832C000C4DABC /* SceneDelegate.swift in Sources */,
				04D1E3AE2458353400C4DABC /* DetailViewController.swift in Sources */,
			);
			runOnlyForDeploymentPostprocessing = 0;
		};
/* End PBXSourcesBuildPhase section */

/* Begin PBXVariantGroup section */
		04D1E39D245832C000C4DABC /* Main.storyboard */ = {
			isa = PBXVariantGroup;
			children = (
				04D1E39E245832C000C4DABC /* Base */,
			);
			name = Main.storyboard;
			sourceTree = "<group>";
		};
		04D1E3A2245832CA00C4DABC /* LaunchScreen.storyboard */ = {
			isa = PBXVariantGroup;
			children = (
				04D1E3A3245832CA00C4DABC /* Base */,
			);
			name = LaunchScreen.storyboard;
			sourceTree = "<group>";
		};
/* End PBXVariantGroup section */

/* Begin XCBuildConfiguration section */
		04D1E3A6245832CA00C4DABC /* Debug */ = {
			isa = XCBuildConfiguration;
			buildSettings = {
				ALWAYS_SEARCH_USER_PATHS = NO;
				CLANG_ANALYZER_NONNULL = YES;
				CLANG_ANALYZER_NUMBER_OBJECT_CONVERSION = YES_AGGRESSIVE;
				CLANG_CXX_LANGUAGE_STANDARD = "gnu++14";
				CLANG_CXX_LIBRARY = "libc++";
				CLANG_ENABLE_MODULES = YES;
				CLANG_ENABLE_OBJC_ARC = YES;
				CLANG_ENABLE_OBJC_WEAK = YES;
				CLANG_WARN_BLOCK_CAPTURE_AUTORELEASING = YES;
				CLANG_WARN_BOOL_CONVERSION = YES;
				CLANG_WARN_COMMA = YES;
				CLANG_WARN_CONSTANT_CONVERSION = YES;
				CLANG_WARN_DEPRECATED_OBJC_IMPLEMENTATIONS = YES;
				CLANG_WARN_DIRECT_OBJC_ISA_USAGE = YES_ERROR;
				CLANG_WARN_DOCUMENTATION_COMMENTS = YES;
				CLANG_WARN_EMPTY_BODY = YES;
				CLANG_WARN_ENUM_CONVERSION = YES;
				CLANG_WARN_INFINITE_RECURSION = YES;
				CLANG_WARN_INT_CONVERSION = YES;
				CLANG_WARN_NON_LITERAL_NULL_CONVERSION = YES;
				CLANG_WARN_OBJC_IMPLICIT_RETAIN_SELF = YES;
				CLANG_WARN_OBJC_LITERAL_CONVERSION = YES;
				CLANG_WARN_OBJC_ROOT_CLASS = YES_ERROR;
				CLANG_WARN_RANGE_LOOP_ANALYSIS = YES;
				CLANG_WARN_STRICT_PROTOTYPES = YES;
				CLANG_WARN_SUSPICIOUS_MOVE = YES;
				CLANG_WARN_UNGUARDED_AVAILABILITY = YES_AGGRESSIVE;
				CLANG_WARN_UNREACHABLE_CODE = YES;
				CLANG_WARN__DUPLICATE_METHOD_MATCH = YES;
				COPY_PHASE_STRIP = NO;
				DEBUG_INFORMATION_FORMAT = dwarf;
				ENABLE_STRICT_OBJC_MSGSEND = YES;
				ENABLE_TESTABILITY = YES;
				GCC_C_LANGUAGE_STANDARD = gnu11;
				GCC_DYNAMIC_NO_PIC = NO;
				GCC_NO_COMMON_BLOCKS = YES;
				GCC_OPTIMIZATION_LEVEL = 0;
				GCC_PREPROCESSOR_DEFINITIONS = (
					"DEBUG=1",
					"$(inherited)",
				);
				GCC_WARN_64_TO_32_BIT_CONVERSION = YES;
				GCC_WARN_ABOUT_RETURN_TYPE = YES_ERROR;
				GCC_WARN_UNDECLARED_SELECTOR = YES;
				GCC_WARN_UNINITIALIZED_AUTOS = YES_AGGRESSIVE;
				GCC_WARN_UNUSED_FUNCTION = YES;
				GCC_WARN_UNUSED_VARIABLE = YES;
				IPHONEOS_DEPLOYMENT_TARGET = 13.2;
				MTL_ENABLE_DEBUG_INFO = INCLUDE_SOURCE;
				MTL_FAST_MATH = YES;
				ONLY_ACTIVE_ARCH = YES;
				SDKROOT = iphoneos;
				SWIFT_ACTIVE_COMPILATION_CONDITIONS = DEBUG;
				SWIFT_OPTIMIZATION_LEVEL = "-Onone";
			};
			name = Debug;
		};
		04D1E3A7245832CA00C4DABC /* Release */ = {
			isa = XCBuildConfiguration;
			buildSettings = {
				ALWAYS_SEARCH_USER_PATHS = NO;
				CLANG_ANALYZER_NONNULL = YES;
				CLANG_ANALYZER_NUMBER_OBJECT_CONVERSION = YES_AGGRESSIVE;
				CLANG_CXX_LANGUAGE_STANDARD = "gnu++14";
				CLANG_CXX_LIBRARY = "libc++";
				CLANG_ENABLE_MODULES = YES;
				CLANG_ENABLE_OBJC_ARC = YES;
				CLANG_ENABLE_OBJC_WEAK = YES;
				CLANG_WARN_BLOCK_CAPTURE_AUTORELEASING = YES;
				CLANG_WARN_BOOL_CONVERSION = YES;
				CLANG_WARN_COMMA = YES;
				CLANG_WARN_CONSTANT_CONVERSION = YES;
				CLANG_WARN_DEPRECATED_OBJC_IMPLEMENTATIONS = YES;
				CLANG_WARN_DIRECT_OBJC_ISA_USAGE = YES_ERROR;
				CLANG_WARN_DOCUMENTATION_COMMENTS = YES;
				CLANG_WARN_EMPTY_BODY = YES;
				CLANG_WARN_ENUM_CONVERSION = YES;
				CLANG_WARN_INFINITE_RECURSION = YES;
				CLANG_WARN_INT_CONVERSION = YES;
				CLANG_WARN_NON_LITERAL_NULL_CONVERSION = YES;
				CLANG_WARN_OBJC_IMPLICIT_RETAIN_SELF = YES;
				CLANG_WARN_OBJC_LITERAL_CONVERSION = YES;
				CLANG_WARN_OBJC_ROOT_CLASS = YES_ERROR;
				CLANG_WARN_RANGE_LOOP_ANALYSIS = YES;
				CLANG_WARN_STRICT_PROTOTYPES = YES;
				CLANG_WARN_SUSPICIOUS_MOVE = YES;
				CLANG_WARN_UNGUARDED_AVAILABILITY = YES_AGGRESSIVE;
				CLANG_WARN_UNREACHABLE_CODE = YES;
				CLANG_WARN__DUPLICATE_METHOD_MATCH = YES;
				COPY_PHASE_STRIP = NO;
				DEBUG_INFORMATION_FORMAT = "dwarf-with-dsym";
				ENABLE_NS_ASSERTIONS = NO;
				ENABLE_STRICT_OBJC_MSGSEND = YES;
				GCC_C_LANGUAGE_STANDARD = gnu11;
				GCC_NO_COMMON_BLOCKS = YES;
				GCC_WARN_64_TO_32_BIT_CONVERSION = YES;
				GCC_WARN_ABOUT_RETURN_TYPE = YES_ERROR;
				GCC_WARN_UNDECLARED_SELECTOR = YES;
				GCC_WARN_UNINITIALIZED_AUTOS = YES_AGGRESSIVE;
				GCC_WARN_UNUSED_FUNCTION = YES;
				GCC_WARN_UNUSED_VARIABLE = YES;
				IPHONEOS_DEPLOYMENT_TARGET = 13.2;
				MTL_ENABLE_DEBUG_INFO = NO;
				MTL_FAST_MATH = YES;
				SDKROOT = iphoneos;
				SWIFT_COMPILATION_MODE = wholemodule;
				SWIFT_OPTIMIZATION_LEVEL = "-O";
				VALIDATE_PRODUCT = YES;
			};
			name = Release;
		};
		04D1E3A9245832CA00C4DABC /* Debug */ = {
			isa = XCBuildConfiguration;
			buildSettings = {
				ASSETCATALOG_COMPILER_APPICON_NAME = AppIcon;
				CODE_SIGN_STYLE = Automatic;
				DEVELOPMENT_TEAM = A6KE5XTLM6;
				INFOPLIST_FILE = "39-WeatherApp/Info.plist";
				LD_RUNPATH_SEARCH_PATHS = (
					"$(inherited)",
					"@executable_path/Frameworks",
				);
				PRODUCT_BUNDLE_IDENTIFIER = "com.ceksi.-9-WeatherApp";
				PRODUCT_NAME = "$(TARGET_NAME)";
				SWIFT_VERSION = 5.0;
				TARGETED_DEVICE_FAMILY = "1,2";
			};
			name = Debug;
		};
		04D1E3AA245832CA00C4DABC /* Release */ = {
			isa = XCBuildConfiguration;
			buildSettings = {
				ASSETCATALOG_COMPILER_APPICON_NAME = AppIcon;
				CODE_SIGN_STYLE = Automatic;
				DEVELOPMENT_TEAM = A6KE5XTLM6;
				INFOPLIST_FILE = "39-WeatherApp/Info.plist";
				LD_RUNPATH_SEARCH_PATHS = (
					"$(inherited)",
					"@executable_path/Frameworks",
				);
				PRODUCT_BUNDLE_IDENTIFIER = "com.ceksi.-9-WeatherApp";
				PRODUCT_NAME = "$(TARGET_NAME)";
				SWIFT_VERSION = 5.0;
				TARGETED_DEVICE_FAMILY = "1,2";
			};
			name = Release;
		};
/* End XCBuildConfiguration section */

/* Begin XCConfigurationList section */
		04D1E38F245832C000C4DABC /* Build configuration list for PBXProject "39-WeatherApp" */ = {
			isa = XCConfigurationList;
			buildConfigurations = (
				04D1E3A6245832CA00C4DABC /* Debug */,
				04D1E3A7245832CA00C4DABC /* Release */,
			);
			defaultConfigurationIsVisible = 0;
			defaultConfigurationName = Release;
		};
		04D1E3A8245832CA00C4DABC /* Build configuration list for PBXNativeTarget "39-WeatherApp" */ = {
			isa = XCConfigurationList;
			buildConfigurations = (
				04D1E3A9245832CA00C4DABC /* Debug */,
				04D1E3AA245832CA00C4DABC /* Release */,
			);
			defaultConfigurationIsVisible = 0;
			defaultConfigurationName = Release;
		};
/* End XCConfigurationList section */
	};
	rootObject = 04D1E38C245832C000C4DABC /* Project object */;
}
